<?xml version="1.0" encoding="UTF-8"?>
<!DOCTYPE plist PUBLIC "-//Apple//DTD PLIST 1.0//EN" "http://www.apple.com/DTDs/PropertyList-1.0.dtd">
<plist version="1.0">
<dict>
	<key>archiveVersion</key>
	<string>1</string>
	<key>classes</key>
	<dict/>
	<key>objectVersion</key>
	<string>46</string>
	<key>objects</key>
	<dict>
		<key>368bb0a8482782b7413a1c37</key>
		<dict>
			<key>fileRef</key>
			<string>4ED605AA194BD30200DA29D2</string>
			<key>isa</key>
			<string>PBXBuildFile</string>
		</dict>
		<key>4178f5ae5155bc58296a7bb6</key>
		<dict>
			<key>buildSettings</key>
			<dict>
				<key>ASSETCATALOG_COMPILER_APPICON_NAME</key>
				<string>AppIcon</string>
				<key>CODE_SIGN_IDENTITY</key>
				<string>iPhone Developer</string>
				<key>FRAMEWORK_SEARCH_PATHS</key>
				<array>
					<string>$(inherited)</string>
					<string>"$(SRCROOT)"</string>
				</array>
				<key>INFOPLIST_FILE</key>
				<string>KJTipCalculator/Info.plist</string>
				<key>IPHONEOS_DEPLOYMENT_TARGET</key>
				<string>7.0</string>
				<key>LD_RUNPATH_SEARCH_PATHS</key>
				<string>$(inherited) @executable_path/Frameworks</string>
				<key>OTHER_LDFLAGS</key>
				<array>
					<string>$(inherited)</string>
					<string>-force_load</string>
					<string>"$(SRCROOT)/calabash.framework/calabash"</string>
					<string>-lstdc++</string>
				</array>
				<key>PRODUCT_BUNDLE_IDENTIFIER</key>
				<string>net.kristopherjohnson.$(PRODUCT_NAME:rfc1034identifier)</string>
				<key>PRODUCT_NAME</key>
				<string>$(TARGET_NAME)</string>
			</dict>
			<key>isa</key>
			<string>XCBuildConfiguration</string>
			<key>name</key>
			<string>Release</string>
		</dict>
		<key>4E23C8DE197B009B00AE10F4</key>
		<dict>
			<key>fileEncoding</key>
			<string>4</string>
			<key>isa</key>
			<string>PBXFileReference</string>
			<key>lastKnownFileType</key>
			<string>sourcecode.swift</string>
			<key>path</key>
			<string>NumericText.swift</string>
			<key>sourceTree</key>
			<string>&lt;group&gt;</string>
		</dict>
		<key>4E23C8DF197B009B00AE10F4</key>
		<dict>
			<key>fileEncoding</key>
			<string>4</string>
			<key>isa</key>
			<string>PBXFileReference</string>
			<key>lastKnownFileType</key>
			<string>sourcecode.swift</string>
			<key>path</key>
			<string>NumericTextFieldDelegate.swift</string>
			<key>sourceTree</key>
			<string>&lt;group&gt;</string>
		</dict>
		<key>4E23C8E0197B009B00AE10F4</key>
		<dict>
			<key>fileRef</key>
			<string>4E23C8DE197B009B00AE10F4</string>
			<key>isa</key>
			<string>PBXBuildFile</string>
		</dict>
		<key>4E23C8E1197B009B00AE10F4</key>
		<dict>
			<key>fileRef</key>
			<string>4E23C8DF197B009B00AE10F4</string>
			<key>isa</key>
			<string>PBXBuildFile</string>
		</dict>
		<key>4E23C8E2197B00E700AE10F4</key>
		<dict>
			<key>fileEncoding</key>
			<string>4</string>
			<key>isa</key>
			<string>PBXFileReference</string>
			<key>lastKnownFileType</key>
			<string>sourcecode.swift</string>
			<key>path</key>
			<string>NumericTextFieldDelegateTests.swift</string>
			<key>sourceTree</key>
			<string>&lt;group&gt;</string>
		</dict>
		<key>4E23C8E3197B00E700AE10F4</key>
		<dict>
			<key>fileEncoding</key>
			<string>4</string>
			<key>isa</key>
			<string>PBXFileReference</string>
			<key>lastKnownFileType</key>
			<string>sourcecode.swift</string>
			<key>path</key>
			<string>NumericTextTests.swift</string>
			<key>sourceTree</key>
			<string>&lt;group&gt;</string>
		</dict>
		<key>4E23C8E4197B00E700AE10F4</key>
		<dict>
			<key>fileRef</key>
			<string>4E23C8E2197B00E700AE10F4</string>
			<key>isa</key>
			<string>PBXBuildFile</string>
		</dict>
		<key>4E23C8E5197B00E700AE10F4</key>
		<dict>
			<key>fileRef</key>
			<string>4E23C8E3197B00E700AE10F4</string>
			<key>isa</key>
			<string>PBXBuildFile</string>
		</dict>
		<key>4E2EDF3C1AB53E6B001492EE</key>
		<dict>
			<key>children</key>
			<array>
				<string>4E2EDF3D1AB53EA5001492EE</string>
				<string>4E2EDF3E1AB53EA5001492EE</string>
			</array>
			<key>isa</key>
			<string>PBXGroup</string>
			<key>path</key>
			<string>UIAutomationTests</string>
			<key>sourceTree</key>
			<string>&lt;group&gt;</string>
		</dict>
		<key>4E2EDF3D1AB53EA5001492EE</key>
		<dict>
			<key>isa</key>
			<string>PBXFileReference</string>
			<key>lastKnownFileType</key>
			<string>sourcecode.javascript</string>
			<key>path</key>
			<string>KJTipCalculatorUITests.js</string>
			<key>sourceTree</key>
			<string>&lt;group&gt;</string>
		</dict>
		<key>4E2EDF3E1AB53EA5001492EE</key>
		<dict>
			<key>isa</key>
			<string>PBXFileReference</string>
			<key>lastKnownFileType</key>
			<string>sourcecode.make</string>
			<key>path</key>
			<string>Makefile</string>
			<key>sourceTree</key>
			<string>&lt;group&gt;</string>
		</dict>
		<key>4E5C93FD1B2CC41B00CD1581</key>
		<dict>
			<key>fileEncoding</key>
			<string>4</string>
			<key>isa</key>
			<string>PBXFileReference</string>
			<key>lastKnownFileType</key>
			<string>file.storyboard</string>
			<key>path</key>
			<string>LaunchImage.storyboard</string>
			<key>sourceTree</key>
			<string>&lt;group&gt;</string>
		</dict>
		<key>4E5C93FE1B2CC41B00CD1581</key>
		<dict>
			<key>fileRef</key>
			<string>4E5C93FD1B2CC41B00CD1581</string>
			<key>isa</key>
			<string>PBXBuildFile</string>
		</dict>
		<key>4E6977921BD2942C0020C393</key>
		<dict>
			<key>children</key>
			<array>
				<string>f6df7cc255ab79131741796e</string>
				<string>6607bf06b119597e4bd3fd30</string>
			</array>
			<key>isa</key>
			<string>PBXGroup</string>
			<key>name</key>
			<string>Frameworks</string>
			<key>path</key>
			<string></string>
			<key>sourceTree</key>
			<string>&lt;group&gt;</string>
		</dict>
		<key>4E71531A1AB51921007D7D77</key>
		<dict>
			<key>fileEncoding</key>
			<string>4</string>
			<key>isa</key>
			<string>PBXFileReference</string>
			<key>lastKnownFileType</key>
			<string>sourcecode.swift</string>
			<key>path</key>
			<string>OutputLabel.swift</string>
			<key>sourceTree</key>
			<string>&lt;group&gt;</string>
		</dict>
		<key>4E71531B1AB51921007D7D77</key>
		<dict>
			<key>fileRef</key>
			<string>4E71531A1AB51921007D7D77</string>
			<key>isa</key>
			<string>PBXBuildFile</string>
		</dict>
		<key>4E9FE860194CADC70015E1DA</key>
		<dict>
			<key>isa</key>
			<string>PBXFileReference</string>
			<key>lastKnownFileType</key>
			<string>net.daringfireball.markdown</string>
			<key>path</key>
			<string>README.md</string>
			<key>sourceTree</key>
			<string>SOURCE_ROOT</string>
		</dict>
		<key>4E9FE861194CAE3D0015E1DA</key>
		<dict>
			<key>fileEncoding</key>
			<string>4</string>
			<key>isa</key>
			<string>PBXFileReference</string>
			<key>lastKnownFileType</key>
			<string>text</string>
			<key>path</key>
			<string>LICENSE</string>
			<key>sourceTree</key>
			<string>SOURCE_ROOT</string>
		</dict>
		<key>4ED6059C194BD30200DA29D2</key>
		<dict>
			<key>children</key>
			<array>
				<string>4ED605A7194BD30200DA29D2</string>
				<string>4ED605BA194BD30200DA29D2</string>
				<string>4E6977921BD2942C0020C393</string>
				<string>4ED605A6194BD30200DA29D2</string>
				<string>4E2EDF3C1AB53E6B001492EE</string>
			</array>
			<key>isa</key>
			<string>PBXGroup</string>
			<key>sourceTree</key>
			<string>&lt;group&gt;</string>
		</dict>
		<key>4ED6059D194BD30200DA29D2</key>
		<dict>
			<key>attributes</key>
			<dict>
				<key>LastSwiftUpdateCheck</key>
				<string>0700</string>
				<key>LastUpgradeCheck</key>
				<string>0700</string>
				<key>ORGANIZATIONNAME</key>
				<string>Kristopher Johnson</string>
				<key>TargetAttributes</key>
				<dict>
					<key>4ED605A4194BD30200DA29D2</key>
					<dict>
						<key>CreatedOnToolsVersion</key>
						<string>6.0</string>
						<key>DevelopmentTeam</key>
						<string>D5E423632K</string>
					</dict>
					<key>4ED605B6194BD30200DA29D2</key>
					<dict>
						<key>CreatedOnToolsVersion</key>
						<string>6.0</string>
						<key>TestTargetID</key>
						<string>4ED605A4194BD30200DA29D2</string>
					</dict>
				</dict>
			</dict>
			<key>buildConfigurationList</key>
			<string>4ED605A0194BD30200DA29D2</string>
			<key>compatibilityVersion</key>
			<string>Xcode 3.2</string>
			<key>developmentRegion</key>
			<string>English</string>
			<key>hasScannedForEncodings</key>
			<string>0</string>
			<key>isa</key>
			<string>PBXProject</string>
			<key>knownRegions</key>
			<array>
				<string>en</string>
				<string>Base</string>
			</array>
			<key>mainGroup</key>
			<string>4ED6059C194BD30200DA29D2</string>
			<key>productRefGroup</key>
			<string>4ED605A6194BD30200DA29D2</string>
			<key>projectDirPath</key>
			<string></string>
			<key>projectRoot</key>
			<string></string>
			<key>targets</key>
			<array>
				<string>4ED605A4194BD30200DA29D2</string>
				<string>4ED605B6194BD30200DA29D2</string>
				<string>6205a5d1981fcd8fd2fe253b</string>
			</array>
		</dict>
		<key>4ED605A0194BD30200DA29D2</key>
		<dict>
			<key>buildConfigurations</key>
			<array>
				<string>4ED605BF194BD30200DA29D2</string>
				<string>4ED605C0194BD30200DA29D2</string>
			</array>
			<key>defaultConfigurationIsVisible</key>
			<string>0</string>
			<key>defaultConfigurationName</key>
			<string>Release</string>
			<key>isa</key>
			<string>XCConfigurationList</string>
		</dict>
		<key>4ED605A1194BD30200DA29D2</key>
		<dict>
			<key>buildActionMask</key>
			<string>2147483647</string>
			<key>files</key>
			<array>
				<string>4E23C8E0197B009B00AE10F4</string>
				<string>4ED605AD194BD30200DA29D2</string>
				<string>4ED605AB194BD30200DA29D2</string>
				<string>4E71531B1AB51921007D7D77</string>
				<string>4EFD580A1955CB9400CC9DCF</string>
				<string>4E23C8E1197B009B00AE10F4</string>
			</array>
			<key>isa</key>
			<string>PBXSourcesBuildPhase</string>
			<key>runOnlyForDeploymentPostprocessing</key>
			<string>0</string>
		</dict>
		<key>4ED605A2194BD30200DA29D2</key>
		<dict>
			<key>buildActionMask</key>
			<string>2147483647</string>
			<key>files</key>
			<array/>
			<key>isa</key>
			<string>PBXFrameworksBuildPhase</string>
			<key>runOnlyForDeploymentPostprocessing</key>
			<string>0</string>
		</dict>
		<key>4ED605A3194BD30200DA29D2</key>
		<dict>
			<key>buildActionMask</key>
			<string>2147483647</string>
			<key>files</key>
			<array>
				<string>4E5C93FE1B2CC41B00CD1581</string>
				<string>4ED605B0194BD30200DA29D2</string>
				<string>4ED605B2194BD30200DA29D2</string>
			</array>
			<key>isa</key>
			<string>PBXResourcesBuildPhase</string>
			<key>runOnlyForDeploymentPostprocessing</key>
			<string>0</string>
		</dict>
		<key>4ED605A4194BD30200DA29D2</key>
		<dict>
			<key>buildConfigurationList</key>
			<string>4ED605C1194BD30200DA29D2</string>
			<key>buildPhases</key>
			<array>
				<string>4ED605A1194BD30200DA29D2</string>
				<string>4ED605A2194BD30200DA29D2</string>
				<string>4ED605A3194BD30200DA29D2</string>
			</array>
			<key>buildRules</key>
			<array/>
			<key>dependencies</key>
			<array/>
			<key>isa</key>
			<string>PBXNativeTarget</string>
			<key>name</key>
			<string>KJTipCalculator</string>
			<key>productName</key>
			<string>KJTipCalculator</string>
			<key>productReference</key>
			<string>4ED605A5194BD30200DA29D2</string>
			<key>productType</key>
			<string>com.apple.product-type.application</string>
		</dict>
		<key>4ED605A5194BD30200DA29D2</key>
		<dict>
			<key>explicitFileType</key>
			<string>wrapper.application</string>
			<key>includeInIndex</key>
			<string>0</string>
			<key>isa</key>
			<string>PBXFileReference</string>
			<key>path</key>
			<string>KJTipCalculator.app</string>
			<key>sourceTree</key>
			<string>BUILT_PRODUCTS_DIR</string>
		</dict>
		<key>4ED605A6194BD30200DA29D2</key>
		<dict>
			<key>children</key>
			<array>
				<string>4ED605A5194BD30200DA29D2</string>
				<string>4ED605B7194BD30200DA29D2</string>
			</array>
			<key>isa</key>
			<string>PBXGroup</string>
			<key>name</key>
			<string>Products</string>
			<key>sourceTree</key>
			<string>&lt;group&gt;</string>
		</dict>
		<key>4ED605A7194BD30200DA29D2</key>
		<dict>
			<key>children</key>
			<array>
				<string>4ED605AA194BD30200DA29D2</string>
				<string>4EFD580F1955D6D000CC9DCF</string>
				<string>4ED605B1194BD30200DA29D2</string>
				<string>4ED605AE194BD30200DA29D2</string>
				<string>4E23C8DE197B009B00AE10F4</string>
				<string>4E23C8DF197B009B00AE10F4</string>
				<string>4E71531A1AB51921007D7D77</string>
				<string>4ED605A8194BD30200DA29D2</string>
				<string>4EFD58091955CB9400CC9DCF</string>
				<string>4ED605AC194BD30200DA29D2</string>
			</array>
			<key>isa</key>
			<string>PBXGroup</string>
			<key>path</key>
			<string>KJTipCalculator</string>
			<key>sourceTree</key>
			<string>&lt;group&gt;</string>
		</dict>
		<key>4ED605A8194BD30200DA29D2</key>
		<dict>
			<key>children</key>
			<array>
				<string>4ED605A9194BD30200DA29D2</string>
				<string>4E5C93FD1B2CC41B00CD1581</string>
			</array>
			<key>isa</key>
			<string>PBXGroup</string>
			<key>name</key>
			<string>Supporting Files</string>
			<key>sourceTree</key>
			<string>&lt;group&gt;</string>
		</dict>
		<key>4ED605A9194BD30200DA29D2</key>
		<dict>
			<key>isa</key>
			<string>PBXFileReference</string>
			<key>lastKnownFileType</key>
			<string>text.plist.xml</string>
			<key>path</key>
			<string>Info.plist</string>
			<key>sourceTree</key>
			<string>&lt;group&gt;</string>
		</dict>
		<key>4ED605AA194BD30200DA29D2</key>
		<dict>
			<key>isa</key>
			<string>PBXFileReference</string>
			<key>lastKnownFileType</key>
			<string>sourcecode.swift</string>
			<key>path</key>
			<string>AppDelegate.swift</string>
			<key>sourceTree</key>
			<string>&lt;group&gt;</string>
		</dict>
		<key>4ED605AB194BD30200DA29D2</key>
		<dict>
			<key>fileRef</key>
			<string>4ED605AA194BD30200DA29D2</string>
			<key>isa</key>
			<string>PBXBuildFile</string>
		</dict>
		<key>4ED605AC194BD30200DA29D2</key>
		<dict>
			<key>isa</key>
			<string>PBXFileReference</string>
			<key>lastKnownFileType</key>
			<string>sourcecode.swift</string>
			<key>path</key>
			<string>ViewController.swift</string>
			<key>sourceTree</key>
			<string>&lt;group&gt;</string>
		</dict>
		<key>4ED605AD194BD30200DA29D2</key>
		<dict>
			<key>fileRef</key>
			<string>4ED605AC194BD30200DA29D2</string>
			<key>isa</key>
			<string>PBXBuildFile</string>
		</dict>
		<key>4ED605AE194BD30200DA29D2</key>
		<dict>
			<key>children</key>
			<array>
				<string>4ED605AF194BD30200DA29D2</string>
			</array>
			<key>isa</key>
			<string>PBXVariantGroup</string>
			<key>name</key>
			<string>Main.storyboard</string>
			<key>sourceTree</key>
			<string>&lt;group&gt;</string>
		</dict>
		<key>4ED605AF194BD30200DA29D2</key>
		<dict>
			<key>isa</key>
			<string>PBXFileReference</string>
			<key>lastKnownFileType</key>
			<string>file.storyboard</string>
			<key>name</key>
			<string>Base</string>
			<key>path</key>
			<string>Base.lproj/Main.storyboard</string>
			<key>sourceTree</key>
			<string>&lt;group&gt;</string>
		</dict>
		<key>4ED605B0194BD30200DA29D2</key>
		<dict>
			<key>fileRef</key>
			<string>4ED605AE194BD30200DA29D2</string>
			<key>isa</key>
			<string>PBXBuildFile</string>
		</dict>
		<key>4ED605B1194BD30200DA29D2</key>
		<dict>
			<key>isa</key>
			<string>PBXFileReference</string>
			<key>lastKnownFileType</key>
			<string>folder.assetcatalog</string>
			<key>path</key>
			<string>Images.xcassets</string>
			<key>sourceTree</key>
			<string>&lt;group&gt;</string>
		</dict>
		<key>4ED605B2194BD30200DA29D2</key>
		<dict>
			<key>fileRef</key>
			<string>4ED605B1194BD30200DA29D2</string>
			<key>isa</key>
			<string>PBXBuildFile</string>
		</dict>
		<key>4ED605B3194BD30200DA29D2</key>
		<dict>
			<key>buildActionMask</key>
			<string>2147483647</string>
			<key>files</key>
			<array>
				<string>4E23C8E4197B00E700AE10F4</string>
				<string>4EFD580D1955CC9D00CC9DCF</string>
				<string>4E23C8E5197B00E700AE10F4</string>
			</array>
			<key>isa</key>
			<string>PBXSourcesBuildPhase</string>
			<key>runOnlyForDeploymentPostprocessing</key>
			<string>0</string>
		</dict>
		<key>4ED605B4194BD30200DA29D2</key>
		<dict>
			<key>buildActionMask</key>
			<string>2147483647</string>
			<key>files</key>
			<array/>
			<key>isa</key>
			<string>PBXFrameworksBuildPhase</string>
			<key>runOnlyForDeploymentPostprocessing</key>
			<string>0</string>
		</dict>
		<key>4ED605B5194BD30200DA29D2</key>
		<dict>
			<key>buildActionMask</key>
			<string>2147483647</string>
			<key>files</key>
			<array/>
			<key>isa</key>
			<string>PBXResourcesBuildPhase</string>
			<key>runOnlyForDeploymentPostprocessing</key>
			<string>0</string>
		</dict>
		<key>4ED605B6194BD30200DA29D2</key>
		<dict>
			<key>buildConfigurationList</key>
			<string>4ED605C4194BD30200DA29D2</string>
			<key>buildPhases</key>
			<array>
				<string>4ED605B3194BD30200DA29D2</string>
				<string>4ED605B4194BD30200DA29D2</string>
				<string>4ED605B5194BD30200DA29D2</string>
			</array>
			<key>buildRules</key>
			<array/>
			<key>dependencies</key>
			<array>
				<string>4ED605B9194BD30200DA29D2</string>
			</array>
			<key>isa</key>
			<string>PBXNativeTarget</string>
			<key>name</key>
			<string>KJTipCalculatorTests</string>
			<key>productName</key>
			<string>KJTipCalculatorTests</string>
			<key>productReference</key>
			<string>4ED605B7194BD30200DA29D2</string>
			<key>productType</key>
			<string>com.apple.product-type.bundle.unit-test</string>
		</dict>
		<key>4ED605B7194BD30200DA29D2</key>
		<dict>
			<key>explicitFileType</key>
			<string>wrapper.cfbundle</string>
			<key>includeInIndex</key>
			<string>0</string>
			<key>isa</key>
			<string>PBXFileReference</string>
			<key>path</key>
			<string>KJTipCalculatorTests.xctest</string>
			<key>sourceTree</key>
			<string>BUILT_PRODUCTS_DIR</string>
		</dict>
		<key>4ED605B8194BD30200DA29D2</key>
		<dict>
			<key>containerPortal</key>
			<string>4ED6059D194BD30200DA29D2</string>
			<key>isa</key>
			<string>PBXContainerItemProxy</string>
			<key>proxyType</key>
			<string>1</string>
			<key>remoteGlobalIDString</key>
			<string>4ED605A4194BD30200DA29D2</string>
			<key>remoteInfo</key>
			<string>KJTipCalculator</string>
		</dict>
		<key>4ED605B9194BD30200DA29D2</key>
		<dict>
			<key>isa</key>
			<string>PBXTargetDependency</string>
			<key>target</key>
			<string>4ED605A4194BD30200DA29D2</string>
			<key>targetProxy</key>
			<string>4ED605B8194BD30200DA29D2</string>
		</dict>
		<key>4ED605BA194BD30200DA29D2</key>
		<dict>
			<key>children</key>
			<array>
				<string>4E23C8E2197B00E700AE10F4</string>
				<string>4E23C8E3197B00E700AE10F4</string>
				<string>4ED605BB194BD30200DA29D2</string>
				<string>4EFD580C1955CC9D00CC9DCF</string>
			</array>
			<key>isa</key>
			<string>PBXGroup</string>
			<key>path</key>
			<string>KJTipCalculatorTests</string>
			<key>sourceTree</key>
			<string>&lt;group&gt;</string>
		</dict>
		<key>4ED605BB194BD30200DA29D2</key>
		<dict>
			<key>children</key>
			<array>
				<string>4ED605BC194BD30200DA29D2</string>
			</array>
			<key>isa</key>
			<string>PBXGroup</string>
			<key>name</key>
			<string>Supporting Files</string>
			<key>sourceTree</key>
			<string>&lt;group&gt;</string>
		</dict>
		<key>4ED605BC194BD30200DA29D2</key>
		<dict>
			<key>isa</key>
			<string>PBXFileReference</string>
			<key>lastKnownFileType</key>
			<string>text.plist.xml</string>
			<key>path</key>
			<string>Info.plist</string>
			<key>sourceTree</key>
			<string>&lt;group&gt;</string>
		</dict>
		<key>4ED605BF194BD30200DA29D2</key>
		<dict>
			<key>buildSettings</key>
			<dict>
				<key>ALWAYS_SEARCH_USER_PATHS</key>
				<string>NO</string>
				<key>CLANG_CXX_LANGUAGE_STANDARD</key>
				<string>gnu++0x</string>
				<key>CLANG_CXX_LIBRARY</key>
				<string>libc++</string>
				<key>CLANG_ENABLE_MODULES</key>
				<string>YES</string>
				<key>CLANG_ENABLE_OBJC_ARC</key>
				<string>YES</string>
				<key>CLANG_WARN_BOOL_CONVERSION</key>
				<string>YES</string>
				<key>CLANG_WARN_CONSTANT_CONVERSION</key>
				<string>YES</string>
				<key>CLANG_WARN_DIRECT_OBJC_ISA_USAGE</key>
				<string>YES_ERROR</string>
				<key>CLANG_WARN_EMPTY_BODY</key>
				<string>YES</string>
				<key>CLANG_WARN_ENUM_CONVERSION</key>
				<string>YES</string>
				<key>CLANG_WARN_INT_CONVERSION</key>
				<string>YES</string>
				<key>CLANG_WARN_OBJC_ROOT_CLASS</key>
				<string>YES_ERROR</string>
				<key>CLANG_WARN_UNREACHABLE_CODE</key>
				<string>YES</string>
				<key>CLANG_WARN__DUPLICATE_METHOD_MATCH</key>
				<string>YES</string>
				<key>CODE_SIGN_IDENTITY[sdk=iphoneos*]</key>
				<string>iPhone Developer</string>
				<key>COPY_PHASE_STRIP</key>
				<string>NO</string>
				<key>ENABLE_STRICT_OBJC_MSGSEND</key>
				<string>YES</string>
				<key>ENABLE_TESTABILITY</key>
				<string>YES</string>
				<key>GCC_C_LANGUAGE_STANDARD</key>
				<string>gnu99</string>
				<key>GCC_DYNAMIC_NO_PIC</key>
				<string>NO</string>
				<key>GCC_OPTIMIZATION_LEVEL</key>
				<string>0</string>
				<key>GCC_PREPROCESSOR_DEFINITIONS</key>
				<array>
					<string>DEBUG=1</string>
					<string>$(inherited)</string>
				</array>
				<key>GCC_SYMBOLS_PRIVATE_EXTERN</key>
				<string>NO</string>
				<key>GCC_WARN_64_TO_32_BIT_CONVERSION</key>
				<string>YES</string>
				<key>GCC_WARN_ABOUT_RETURN_TYPE</key>
				<string>YES_ERROR</string>
				<key>GCC_WARN_UNDECLARED_SELECTOR</key>
				<string>YES</string>
				<key>GCC_WARN_UNINITIALIZED_AUTOS</key>
				<string>YES_AGGRESSIVE</string>
				<key>GCC_WARN_UNUSED_FUNCTION</key>
				<string>YES</string>
				<key>GCC_WARN_UNUSED_VARIABLE</key>
				<string>YES</string>
				<key>IPHONEOS_DEPLOYMENT_TARGET</key>
				<string>8.0</string>
				<key>METAL_ENABLE_DEBUG_INFO</key>
				<string>YES</string>
				<key>ONLY_ACTIVE_ARCH</key>
				<string>YES</string>
				<key>SDKROOT</key>
				<string>iphoneos</string>
				<key>SWIFT_OPTIMIZATION_LEVEL</key>
				<string>-Onone</string>
				<key>TARGETED_DEVICE_FAMILY</key>
				<string>1,2</string>
			</dict>
			<key>isa</key>
			<string>XCBuildConfiguration</string>
			<key>name</key>
			<string>Debug</string>
		</dict>
		<key>4ED605C0194BD30200DA29D2</key>
		<dict>
			<key>buildSettings</key>
			<dict>
				<key>ALWAYS_SEARCH_USER_PATHS</key>
				<string>NO</string>
				<key>CLANG_CXX_LANGUAGE_STANDARD</key>
				<string>gnu++0x</string>
				<key>CLANG_CXX_LIBRARY</key>
				<string>libc++</string>
				<key>CLANG_ENABLE_MODULES</key>
				<string>YES</string>
				<key>CLANG_ENABLE_OBJC_ARC</key>
				<string>YES</string>
				<key>CLANG_WARN_BOOL_CONVERSION</key>
				<string>YES</string>
				<key>CLANG_WARN_CONSTANT_CONVERSION</key>
				<string>YES</string>
				<key>CLANG_WARN_DIRECT_OBJC_ISA_USAGE</key>
				<string>YES_ERROR</string>
				<key>CLANG_WARN_EMPTY_BODY</key>
				<string>YES</string>
				<key>CLANG_WARN_ENUM_CONVERSION</key>
				<string>YES</string>
				<key>CLANG_WARN_INT_CONVERSION</key>
				<string>YES</string>
				<key>CLANG_WARN_OBJC_ROOT_CLASS</key>
				<string>YES_ERROR</string>
				<key>CLANG_WARN_UNREACHABLE_CODE</key>
				<string>YES</string>
				<key>CLANG_WARN__DUPLICATE_METHOD_MATCH</key>
				<string>YES</string>
				<key>CODE_SIGN_IDENTITY[sdk=iphoneos*]</key>
				<string>iPhone Developer</string>
				<key>COPY_PHASE_STRIP</key>
				<string>YES</string>
				<key>ENABLE_NS_ASSERTIONS</key>
				<string>NO</string>
				<key>ENABLE_STRICT_OBJC_MSGSEND</key>
				<string>YES</string>
				<key>GCC_C_LANGUAGE_STANDARD</key>
				<string>gnu99</string>
				<key>GCC_WARN_64_TO_32_BIT_CONVERSION</key>
				<string>YES</string>
				<key>GCC_WARN_ABOUT_RETURN_TYPE</key>
				<string>YES_ERROR</string>
				<key>GCC_WARN_UNDECLARED_SELECTOR</key>
				<string>YES</string>
				<key>GCC_WARN_UNINITIALIZED_AUTOS</key>
				<string>YES_AGGRESSIVE</string>
				<key>GCC_WARN_UNUSED_FUNCTION</key>
				<string>YES</string>
				<key>GCC_WARN_UNUSED_VARIABLE</key>
				<string>YES</string>
				<key>IPHONEOS_DEPLOYMENT_TARGET</key>
				<string>8.0</string>
				<key>METAL_ENABLE_DEBUG_INFO</key>
				<string>NO</string>
				<key>SDKROOT</key>
				<string>iphoneos</string>
				<key>TARGETED_DEVICE_FAMILY</key>
				<string>1,2</string>
				<key>VALIDATE_PRODUCT</key>
				<string>YES</string>
			</dict>
			<key>isa</key>
			<string>XCBuildConfiguration</string>
			<key>name</key>
			<string>Release</string>
		</dict>
		<key>4ED605C1194BD30200DA29D2</key>
		<dict>
			<key>buildConfigurations</key>
			<array>
				<string>4ED605C2194BD30200DA29D2</string>
				<string>4ED605C3194BD30200DA29D2</string>
			</array>
			<key>defaultConfigurationIsVisible</key>
			<string>0</string>
			<key>defaultConfigurationName</key>
			<string>Release</string>
			<key>isa</key>
			<string>XCConfigurationList</string>
		</dict>
		<key>4ED605C2194BD30200DA29D2</key>
		<dict>
			<key>buildSettings</key>
			<dict>
				<key>ASSETCATALOG_COMPILER_APPICON_NAME</key>
				<string>AppIcon</string>
				<key>CODE_SIGN_IDENTITY</key>
				<string>iPhone Developer</string>
				<key>INFOPLIST_FILE</key>
				<string>KJTipCalculator/Info.plist</string>
				<key>IPHONEOS_DEPLOYMENT_TARGET</key>
				<string>7.0</string>
				<key>LD_RUNPATH_SEARCH_PATHS</key>
				<string>$(inherited) @executable_path/Frameworks</string>
				<key>PRODUCT_BUNDLE_IDENTIFIER</key>
				<string>net.kristopherjohnson.$(PRODUCT_NAME:rfc1034identifier)</string>
				<key>PRODUCT_NAME</key>
				<string>$(TARGET_NAME)</string>
			</dict>
			<key>isa</key>
			<string>XCBuildConfiguration</string>
			<key>name</key>
			<string>Debug</string>
		</dict>
		<key>4ED605C3194BD30200DA29D2</key>
		<dict>
			<key>buildSettings</key>
			<dict>
				<key>ASSETCATALOG_COMPILER_APPICON_NAME</key>
				<string>AppIcon</string>
				<key>CODE_SIGN_IDENTITY</key>
				<string>iPhone Developer</string>
				<key>INFOPLIST_FILE</key>
				<string>KJTipCalculator/Info.plist</string>
				<key>IPHONEOS_DEPLOYMENT_TARGET</key>
				<string>7.0</string>
				<key>LD_RUNPATH_SEARCH_PATHS</key>
				<string>$(inherited) @executable_path/Frameworks</string>
				<key>PRODUCT_BUNDLE_IDENTIFIER</key>
				<string>net.kristopherjohnson.$(PRODUCT_NAME:rfc1034identifier)</string>
				<key>PRODUCT_NAME</key>
				<string>$(TARGET_NAME)</string>
			</dict>
			<key>isa</key>
			<string>XCBuildConfiguration</string>
			<key>name</key>
			<string>Release</string>
		</dict>
		<key>4ED605C4194BD30200DA29D2</key>
		<dict>
			<key>buildConfigurations</key>
			<array>
				<string>4ED605C5194BD30200DA29D2</string>
				<string>4ED605C6194BD30200DA29D2</string>
			</array>
			<key>defaultConfigurationIsVisible</key>
			<string>0</string>
			<key>defaultConfigurationName</key>
			<string>Release</string>
			<key>isa</key>
			<string>XCConfigurationList</string>
		</dict>
		<key>4ED605C5194BD30200DA29D2</key>
		<dict>
			<key>buildSettings</key>
			<dict>
				<key>BUNDLE_LOADER</key>
				<string>$(BUILT_PRODUCTS_DIR)/KJTipCalculator.app/KJTipCalculator</string>
				<key>FRAMEWORK_SEARCH_PATHS</key>
				<array>
					<string>$(SDKROOT)/Developer/Library/Frameworks</string>
					<string>$(inherited)</string>
				</array>
				<key>GCC_PREPROCESSOR_DEFINITIONS</key>
				<array>
					<string>DEBUG=1</string>
					<string>$(inherited)</string>
				</array>
				<key>INFOPLIST_FILE</key>
				<string>KJTipCalculatorTests/Info.plist</string>
				<key>LD_RUNPATH_SEARCH_PATHS</key>
				<string>$(inherited) @executable_path/Frameworks @loader_path/Frameworks</string>
				<key>METAL_ENABLE_DEBUG_INFO</key>
				<string>YES</string>
				<key>PRODUCT_BUNDLE_IDENTIFIER</key>
				<string>net.kristopherjohnson.${PRODUCT_NAME:rfc1034identifier}</string>
				<key>PRODUCT_NAME</key>
				<string>$(TARGET_NAME)</string>
				<key>TEST_HOST</key>
				<string>$(BUNDLE_LOADER)</string>
			</dict>
			<key>isa</key>
			<string>XCBuildConfiguration</string>
			<key>name</key>
			<string>Debug</string>
		</dict>
		<key>4ED605C6194BD30200DA29D2</key>
		<dict>
			<key>buildSettings</key>
			<dict>
				<key>BUNDLE_LOADER</key>
				<string>$(BUILT_PRODUCTS_DIR)/KJTipCalculator.app/KJTipCalculator</string>
				<key>FRAMEWORK_SEARCH_PATHS</key>
				<array>
					<string>$(SDKROOT)/Developer/Library/Frameworks</string>
					<string>$(inherited)</string>
				</array>
				<key>INFOPLIST_FILE</key>
				<string>KJTipCalculatorTests/Info.plist</string>
				<key>LD_RUNPATH_SEARCH_PATHS</key>
				<string>$(inherited) @executable_path/Frameworks @loader_path/Frameworks</string>
				<key>METAL_ENABLE_DEBUG_INFO</key>
				<string>NO</string>
				<key>PRODUCT_BUNDLE_IDENTIFIER</key>
				<string>net.kristopherjohnson.${PRODUCT_NAME:rfc1034identifier}</string>
				<key>PRODUCT_NAME</key>
				<string>$(TARGET_NAME)</string>
				<key>TEST_HOST</key>
				<string>$(BUNDLE_LOADER)</string>
			</dict>
			<key>isa</key>
			<string>XCBuildConfiguration</string>
			<key>name</key>
			<string>Release</string>
		</dict>
		<key>4EFD58091955CB9400CC9DCF</key>
		<dict>
			<key>fileEncoding</key>
			<string>4</string>
			<key>isa</key>
			<string>PBXFileReference</string>
			<key>lastKnownFileType</key>
			<string>sourcecode.swift</string>
			<key>path</key>
			<string>TipCalculation.swift</string>
			<key>sourceTree</key>
			<string>&lt;group&gt;</string>
		</dict>
		<key>4EFD580A1955CB9400CC9DCF</key>
		<dict>
			<key>fileRef</key>
			<string>4EFD58091955CB9400CC9DCF</string>
			<key>isa</key>
			<string>PBXBuildFile</string>
		</dict>
		<key>4EFD580C1955CC9D00CC9DCF</key>
		<dict>
			<key>fileEncoding</key>
			<string>4</string>
			<key>isa</key>
			<string>PBXFileReference</string>
			<key>lastKnownFileType</key>
			<string>sourcecode.swift</string>
			<key>path</key>
			<string>TipCalculationTests.swift</string>
			<key>sourceTree</key>
			<string>&lt;group&gt;</string>
		</dict>
		<key>4EFD580D1955CC9D00CC9DCF</key>
		<dict>
			<key>fileRef</key>
			<string>4EFD580C1955CC9D00CC9DCF</string>
			<key>isa</key>
			<string>PBXBuildFile</string>
		</dict>
		<key>4EFD580E1955D6B500CC9DCF</key>
		<dict>
			<key>isa</key>
			<string>PBXFileReference</string>
			<key>lastKnownFileType</key>
			<string>image.png</string>
			<key>path</key>
			<string>KJTipCalculatorScreenshot.png</string>
			<key>sourceTree</key>
			<string>SOURCE_ROOT</string>
		</dict>
		<key>4EFD580F1955D6D000CC9DCF</key>
		<dict>
			<key>children</key>
			<array>
				<string>4EFD580E1955D6B500CC9DCF</string>
				<string>4E9FE861194CAE3D0015E1DA</string>
				<string>4E9FE860194CADC70015E1DA</string>
			</array>
			<key>isa</key>
			<string>PBXGroup</string>
			<key>name</key>
			<string>Documentation</string>
			<key>sourceTree</key>
			<string>&lt;group&gt;</string>
		</dict>
		<key>4b4486b377b74d11729f1651</key>
		<dict>
			<key>explicitFileType</key>
			<string>wrapper.application</string>
			<key>includeInIndex</key>
			<string>0</string>
			<key>isa</key>
			<string>PBXFileReference</string>
			<key>path</key>
			<string>KJTipCalculator-cal.app</string>
			<key>sourceTree</key>
			<string>BUILT_PRODUCTS_DIR</string>
		</dict>
		<key>5753226101dc9e9b53629c30</key>
		<dict>
			<key>fileRef</key>
			<string>4ED605AE194BD30200DA29D2</string>
			<key>isa</key>
			<string>PBXBuildFile</string>
		</dict>
		<key>57987f06428cf1bb2ebbfad1</key>
		<dict>
			<key>buildActionMask</key>
			<string>2147483647</string>
			<key>files</key>
			<array>
				<string>85b6d5ec5d3ce09b221a7611</string>
				<string>f62192f2e8a1306d281917c9</string>
			</array>
			<key>isa</key>
			<string>PBXFrameworksBuildPhase</string>
			<key>runOnlyForDeploymentPostprocessing</key>
			<string>0</string>
		</dict>
		<key>5e5335b84fbe16189f9d0ee7</key>
		<dict>
			<key>fileRef</key>
			<string>4ED605B1194BD30200DA29D2</string>
			<key>isa</key>
			<string>PBXBuildFile</string>
		</dict>
		<key>6205a5d1981fcd8fd2fe253b</key>
		<dict>
			<key>buildConfigurationList</key>
			<string>81754e6096e46d68154a3ea7</string>
			<key>buildPhases</key>
			<array>
				<string>754c4351364649bc7d8bb748</string>
				<string>57987f06428cf1bb2ebbfad1</string>
				<string>cf48d5f21028982f61b3a55c</string>
			</array>
			<key>buildRules</key>
			<array/>
			<key>dependencies</key>
			<array/>
			<key>isa</key>
			<string>PBXNativeTarget</string>
			<key>name</key>
			<string>KJTipCalculator-cal</string>
			<key>productName</key>
			<string>KJTipCalculator-cal</string>
			<key>productReference</key>
			<string>4b4486b377b74d11729f1651</string>
			<key>productType</key>
			<string>com.apple.product-type.application</string>
		</dict>
		<key>6558f62320a0398f749a25b6</key>
		<dict>
			<key>fileRef</key>
			<string>4E71531A1AB51921007D7D77</string>
			<key>isa</key>
			<string>PBXBuildFile</string>
		</dict>
		<key>6607bf06b119597e4bd3fd30</key>
		<dict>
			<key>fileEncoding</key>
			<string>4</string>
			<key>isa</key>
			<string>PBXFileReference</string>
			<key>lastKnownFileType</key>
			<string>wrapper.framework</string>
			<key>name</key>
			<string>calabash.framework</string>
			<key>path</key>
			<string>calabash.framework</string>
			<key>sourceTree</key>
			<string>&lt;group&gt;</string>
		</dict>
		<key>6bb472c32c3d2afeabc75c3b</key>
		<dict>
			<key>fileRef</key>
			<string>4E23C8DE197B009B00AE10F4</string>
			<key>isa</key>
			<string>PBXBuildFile</string>
		</dict>
		<key>73b3a806af0357c38f609bca</key>
		<dict>
			<key>fileRef</key>
			<string>4E23C8DF197B009B00AE10F4</string>
			<key>isa</key>
			<string>PBXBuildFile</string>
		</dict>
		<key>754c4351364649bc7d8bb748</key>
		<dict>
			<key>buildActionMask</key>
			<string>2147483647</string>
			<key>files</key>
			<array>
				<string>6bb472c32c3d2afeabc75c3b</string>
				<string>eac18f19704892f0ef0bc3e0</string>
				<string>368bb0a8482782b7413a1c37</string>
				<string>6558f62320a0398f749a25b6</string>
				<string>a7ae6c5b31ac1fe486ca1f84</string>
				<string>73b3a806af0357c38f609bca</string>
			</array>
			<key>isa</key>
			<string>PBXSourcesBuildPhase</string>
			<key>runOnlyForDeploymentPostprocessing</key>
			<string>0</string>
		</dict>
		<key>81754e6096e46d68154a3ea7</key>
		<dict>
			<key>buildConfigurations</key>
			<array>
				<string>fea7ea443f0b0776ab60d989</string>
				<string>4178f5ae5155bc58296a7bb6</string>
			</array>
			<key>defaultConfigurationIsVisible</key>
			<string>0</string>
			<key>defaultConfigurationName</key>
			<string>Release</string>
			<key>isa</key>
			<string>XCConfigurationList</string>
		</dict>
		<key>85b6d5ec5d3ce09b221a7611</key>
		<dict>
			<key>fileRef</key>
			<string>f6df7cc255ab79131741796e</string>
			<key>isa</key>
			<string>PBXBuildFile</string>
		</dict>
		<key>a7ae6c5b31ac1fe486ca1f84</key>
		<dict>
			<key>fileRef</key>
			<string>4EFD58091955CB9400CC9DCF</string>
			<key>isa</key>
			<string>PBXBuildFile</string>
		</dict>
		<key>cf48d5f21028982f61b3a55c</key>
		<dict>
			<key>buildActionMask</key>
			<string>2147483647</string>
			<key>files</key>
			<array>
				<string>da8a9cd84389b2d85bd6eb4b</string>
				<string>5753226101dc9e9b53629c30</string>
				<string>5e5335b84fbe16189f9d0ee7</string>
			</array>
			<key>isa</key>
			<string>PBXResourcesBuildPhase</string>
			<key>runOnlyForDeploymentPostprocessing</key>
			<string>0</string>
		</dict>
		<key>da8a9cd84389b2d85bd6eb4b</key>
		<dict>
			<key>fileRef</key>
			<string>4E5C93FD1B2CC41B00CD1581</string>
			<key>isa</key>
			<string>PBXBuildFile</string>
		</dict>
		<key>eac18f19704892f0ef0bc3e0</key>
		<dict>
			<key>fileRef</key>
			<string>4ED605AC194BD30200DA29D2</string>
			<key>isa</key>
			<string>PBXBuildFile</string>
		</dict>
		<key>f62192f2e8a1306d281917c9</key>
		<dict>
			<key>fileRef</key>
			<string>6607bf06b119597e4bd3fd30</string>
			<key>isa</key>
			<string>PBXBuildFile</string>
		</dict>
		<key>f6df7cc255ab79131741796e</key>
		<dict>
			<key>fileEncoding</key>
			<string>4</string>
			<key>isa</key>
			<string>PBXFileReference</string>
			<key>lastKnownFileType</key>
			<string>wrapper.framework</string>
			<key>name</key>
			<string>CFNetwork.framework</string>
			<key>path</key>
			<string>System/Library/Frameworks/CFNetwork.framework</string>
			<key>sourceTree</key>
			<string>SDKROOT</string>
		</dict>
		<key>fea7ea443f0b0776ab60d989</key>
		<dict>
			<key>buildSettings</key>
			<dict>
				<key>ASSETCATALOG_COMPILER_APPICON_NAME</key>
				<string>AppIcon</string>
				<key>CODE_SIGN_IDENTITY</key>
				<string>iPhone Developer</string>
				<key>FRAMEWORK_SEARCH_PATHS</key>
				<array>
					<string>$(inherited)</string>
					<string>"$(SRCROOT)"</string>
				</array>
				<key>INFOPLIST_FILE</key>
				<string>KJTipCalculator/Info.plist</string>
				<key>IPHONEOS_DEPLOYMENT_TARGET</key>
				<string>7.0</string>
				<key>LD_RUNPATH_SEARCH_PATHS</key>
				<string>$(inherited) @executable_path/Frameworks</string>
				<key>OTHER_LDFLAGS</key>
				<array>
					<string>$(inherited)</string>
					<string>-force_load</string>
					<string>"$(SRCROOT)/calabash.framework/calabash"</string>
					<string>-lstdc++</string>
				</array>
				<key>PRODUCT_BUNDLE_IDENTIFIER</key>
				<string>net.kristopherjohnson.$(PRODUCT_NAME:rfc1034identifier)</string>
				<key>PRODUCT_NAME</key>
				<string>$(TARGET_NAME)</string>
			</dict>
			<key>isa</key>
			<string>XCBuildConfiguration</string>
			<key>name</key>
			<string>Debug</string>
		</dict>
	</dict>
	<key>rootObject</key>
	<string>4ED6059D194BD30200DA29D2</string>
</dict>
</plist>
