// !$*UTF8*$!
{
	archiveVersion = 1;
	classes = {
	};
	objectVersion = 46;
	objects = {

/* Begin PBXBuildFile section */
		368bb0a8482782b7413a1c37 /* AppDelegate.swift in Sources */ = {isa = PBXBuildFile; fileRef = 4ED605AA194BD30200DA29D2 /* AppDelegate.swift */; };
		4E09F94D1D25DF3500B29E74 /* KeypadViewModel.swift in Sources */ = {isa = PBXBuildFile; fileRef = 4E09F94C1D25DF3500B29E74 /* KeypadViewModel.swift */; };
		4E09F9AF1D2837D800B29E74 /* KeypadViewModel.swift in Sources */ = {isa = PBXBuildFile; fileRef = 4E09F94C1D25DF3500B29E74 /* KeypadViewModel.swift */; };
		4E09F9B11D28380900B29E74 /* KeypadViewModelTests.swift in Sources */ = {isa = PBXBuildFile; fileRef = 4E09F9B01D28380900B29E74 /* KeypadViewModelTests.swift */; };
		4E09F9B21D287E1F00B29E74 /* TipCalculation.swift in Sources */ = {isa = PBXBuildFile; fileRef = 4EFD58091955CB9400CC9DCF /* TipCalculation.swift */; };
		4E1CA30E1D1F5AD300118116 /* SubtotalInterfaceController.swift in Sources */ = {isa = PBXBuildFile; fileRef = 4E1CA30D1D1F5AD300118116 /* SubtotalInterfaceController.swift */; };
		4E23C8E0197B009B00AE10F4 /* NumericText.swift in Sources */ = {isa = PBXBuildFile; fileRef = 4E23C8DE197B009B00AE10F4 /* NumericText.swift */; };
		4E23C8E1197B009B00AE10F4 /* NumericTextFieldDelegate.swift in Sources */ = {isa = PBXBuildFile; fileRef = 4E23C8DF197B009B00AE10F4 /* NumericTextFieldDelegate.swift */; };
		4E23C8E4197B00E700AE10F4 /* NumericTextFieldDelegateTests.swift in Sources */ = {isa = PBXBuildFile; fileRef = 4E23C8E2197B00E700AE10F4 /* NumericTextFieldDelegateTests.swift */; };
		4E23C8E5197B00E700AE10F4 /* NumericTextTests.swift in Sources */ = {isa = PBXBuildFile; fileRef = 4E23C8E3197B00E700AE10F4 /* NumericTextTests.swift */; };
		4E4801541D1F54BE008E3B8A /* Interface.storyboard in Resources */ = {isa = PBXBuildFile; fileRef = 4E4801521D1F54BE008E3B8A /* Interface.storyboard */; };
		4E4801561D1F54BE008E3B8A /* Assets.xcassets in Resources */ = {isa = PBXBuildFile; fileRef = 4E4801551D1F54BE008E3B8A /* Assets.xcassets */; };
		4E48015D1D1F54BE008E3B8A /* KJTipCalculator-Watch Extension.appex in Embed App Extensions */ = {isa = PBXBuildFile; fileRef = 4E48015C1D1F54BE008E3B8A /* KJTipCalculator-Watch Extension.appex */; settings = {ATTRIBUTES = (RemoveHeadersOnCopy, ); }; };
		4E4801641D1F54BE008E3B8A /* InterfaceController.swift in Sources */ = {isa = PBXBuildFile; fileRef = 4E4801631D1F54BE008E3B8A /* InterfaceController.swift */; };
		4E4801661D1F54BE008E3B8A /* ExtensionDelegate.swift in Sources */ = {isa = PBXBuildFile; fileRef = 4E4801651D1F54BE008E3B8A /* ExtensionDelegate.swift */; };
		4E4801681D1F54BE008E3B8A /* NotificationController.swift in Sources */ = {isa = PBXBuildFile; fileRef = 4E4801671D1F54BE008E3B8A /* NotificationController.swift */; };
		4E48016A1D1F54BE008E3B8A /* ComplicationController.swift in Sources */ = {isa = PBXBuildFile; fileRef = 4E4801691D1F54BE008E3B8A /* ComplicationController.swift */; };
		4E48016C1D1F54BE008E3B8A /* Assets.xcassets in Resources */ = {isa = PBXBuildFile; fileRef = 4E48016B1D1F54BE008E3B8A /* Assets.xcassets */; };
		4E4801701D1F54BE008E3B8A /* KJTipCalculator-Watch.app in Embed Watch Content */ = {isa = PBXBuildFile; fileRef = 4E4801501D1F54BE008E3B8A /* KJTipCalculator-Watch.app */; };
		4E4FA3251BD9CDE500CD9772 /* KJTipCalculatorUITests.swift in Sources */ = {isa = PBXBuildFile; fileRef = 4E4FA3241BD9CDE500CD9772 /* KJTipCalculatorUITests.swift */; };
		4E5C93FE1B2CC41B00CD1581 /* LaunchImage.storyboard in Resources */ = {isa = PBXBuildFile; fileRef = 4E5C93FD1B2CC41B00CD1581 /* LaunchImage.storyboard */; };
		4E71531B1AB51921007D7D77 /* OutputLabel.swift in Sources */ = {isa = PBXBuildFile; fileRef = 4E71531A1AB51921007D7D77 /* OutputLabel.swift */; };
		4EBA248C1D2E68D1007B190F /* Theme.swift in Sources */ = {isa = PBXBuildFile; fileRef = 4EBA248B1D2E68D1007B190F /* Theme.swift */; };
		4EBA248D1D2E6906007B190F /* Theme.swift in Sources */ = {isa = PBXBuildFile; fileRef = 4EBA248B1D2E68D1007B190F /* Theme.swift */; };
		4ED605AB194BD30200DA29D2 /* AppDelegate.swift in Sources */ = {isa = PBXBuildFile; fileRef = 4ED605AA194BD30200DA29D2 /* AppDelegate.swift */; };
		4ED605AD194BD30200DA29D2 /* ViewController.swift in Sources */ = {isa = PBXBuildFile; fileRef = 4ED605AC194BD30200DA29D2 /* ViewController.swift */; };
		4ED605B0194BD30200DA29D2 /* Main.storyboard in Resources */ = {isa = PBXBuildFile; fileRef = 4ED605AE194BD30200DA29D2 /* Main.storyboard */; };
		4ED605B2194BD30200DA29D2 /* Images.xcassets in Resources */ = {isa = PBXBuildFile; fileRef = 4ED605B1194BD30200DA29D2 /* Images.xcassets */; };
		4EFD580A1955CB9400CC9DCF /* TipCalculation.swift in Sources */ = {isa = PBXBuildFile; fileRef = 4EFD58091955CB9400CC9DCF /* TipCalculation.swift */; };
		4EFD580D1955CC9D00CC9DCF /* TipCalculationTests.swift in Sources */ = {isa = PBXBuildFile; fileRef = 4EFD580C1955CC9D00CC9DCF /* TipCalculationTests.swift */; };
		5753226101dc9e9b53629c30 /* Main.storyboard in Resources */ = {isa = PBXBuildFile; fileRef = 4ED605AE194BD30200DA29D2 /* Main.storyboard */; };
		5e5335b84fbe16189f9d0ee7 /* Images.xcassets in Resources */ = {isa = PBXBuildFile; fileRef = 4ED605B1194BD30200DA29D2 /* Images.xcassets */; };
		6558f62320a0398f749a25b6 /* OutputLabel.swift in Sources */ = {isa = PBXBuildFile; fileRef = 4E71531A1AB51921007D7D77 /* OutputLabel.swift */; };
		6bb472c32c3d2afeabc75c3b /* NumericText.swift in Sources */ = {isa = PBXBuildFile; fileRef = 4E23C8DE197B009B00AE10F4 /* NumericText.swift */; };
		73b3a806af0357c38f609bca /* NumericTextFieldDelegate.swift in Sources */ = {isa = PBXBuildFile; fileRef = 4E23C8DF197B009B00AE10F4 /* NumericTextFieldDelegate.swift */; };
		85b6d5ec5d3ce09b221a7611 /* CFNetwork.framework in Frameworks */ = {isa = PBXBuildFile; fileRef = f6df7cc255ab79131741796e /* CFNetwork.framework */; };
		a7ae6c5b31ac1fe486ca1f84 /* TipCalculation.swift in Sources */ = {isa = PBXBuildFile; fileRef = 4EFD58091955CB9400CC9DCF /* TipCalculation.swift */; };
		da8a9cd84389b2d85bd6eb4b /* LaunchImage.storyboard in Resources */ = {isa = PBXBuildFile; fileRef = 4E5C93FD1B2CC41B00CD1581 /* LaunchImage.storyboard */; };
		eac18f19704892f0ef0bc3e0 /* ViewController.swift in Sources */ = {isa = PBXBuildFile; fileRef = 4ED605AC194BD30200DA29D2 /* ViewController.swift */; };
		f62192f2e8a1306d281917c9 /* calabash.framework in Frameworks */ = {isa = PBXBuildFile; fileRef = 6607bf06b119597e4bd3fd30 /* calabash.framework */; };
/* End PBXBuildFile section */

/* Begin PBXContainerItemProxy section */
		4E48015E1D1F54BE008E3B8A /* PBXContainerItemProxy */ = {
			isa = PBXContainerItemProxy;
			containerPortal = 4ED6059D194BD30200DA29D2 /* Project object */;
			proxyType = 1;
			remoteGlobalIDString = 4E48015B1D1F54BE008E3B8A;
			remoteInfo = "KJTipCalculator-Watch Extension";
		};
		4E48016E1D1F54BE008E3B8A /* PBXContainerItemProxy */ = {
			isa = PBXContainerItemProxy;
			containerPortal = 4ED6059D194BD30200DA29D2 /* Project object */;
			proxyType = 1;
			remoteGlobalIDString = 4E48014F1D1F54BE008E3B8A;
			remoteInfo = "KJTipCalculator-Watch";
		};
		4E4FA3271BD9CDE500CD9772 /* PBXContainerItemProxy */ = {
			isa = PBXContainerItemProxy;
			containerPortal = 4ED6059D194BD30200DA29D2 /* Project object */;
			proxyType = 1;
			remoteGlobalIDString = 4ED605A4194BD30200DA29D2;
			remoteInfo = KJTipCalculator;
		};
		4ED605B8194BD30200DA29D2 /* PBXContainerItemProxy */ = {
			isa = PBXContainerItemProxy;
			containerPortal = 4ED6059D194BD30200DA29D2 /* Project object */;
			proxyType = 1;
			remoteGlobalIDString = 4ED605A4194BD30200DA29D2;
			remoteInfo = KJTipCalculator;
		};
/* End PBXContainerItemProxy section */

/* Begin PBXCopyFilesBuildPhase section */
		4E4801761D1F54BE008E3B8A /* Embed App Extensions */ = {
			isa = PBXCopyFilesBuildPhase;
			buildActionMask = 2147483647;
			dstPath = "";
			dstSubfolderSpec = 13;
			files = (
				4E48015D1D1F54BE008E3B8A /* KJTipCalculator-Watch Extension.appex in Embed App Extensions */,
			);
			name = "Embed App Extensions";
			runOnlyForDeploymentPostprocessing = 0;
		};
		4E4801781D1F54BE008E3B8A /* Embed Watch Content */ = {
			isa = PBXCopyFilesBuildPhase;
			buildActionMask = 2147483647;
			dstPath = "$(CONTENTS_FOLDER_PATH)/Watch";
			dstSubfolderSpec = 16;
			files = (
				4E4801701D1F54BE008E3B8A /* KJTipCalculator-Watch.app in Embed Watch Content */,
			);
			name = "Embed Watch Content";
			runOnlyForDeploymentPostprocessing = 0;
		};
/* End PBXCopyFilesBuildPhase section */

/* Begin PBXFileReference section */
		4E09F94C1D25DF3500B29E74 /* KeypadViewModel.swift */ = {isa = PBXFileReference; fileEncoding = 4; lastKnownFileType = sourcecode.swift; path = KeypadViewModel.swift; sourceTree = "<group>"; };
		4E09F9A71D28377200B29E74 /* KJTipCalculator-Watch Extension Tests.xctest */ = {isa = PBXFileReference; explicitFileType = wrapper.cfbundle; includeInIndex = 0; path = "KJTipCalculator-Watch Extension Tests.xctest"; sourceTree = BUILT_PRODUCTS_DIR; };
		4E09F9AB1D28377200B29E74 /* Info.plist */ = {isa = PBXFileReference; lastKnownFileType = text.plist.xml; path = Info.plist; sourceTree = "<group>"; };
		4E09F9B01D28380900B29E74 /* KeypadViewModelTests.swift */ = {isa = PBXFileReference; fileEncoding = 4; lastKnownFileType = sourcecode.swift; path = KeypadViewModelTests.swift; sourceTree = "<group>"; };
		4E1CA30D1D1F5AD300118116 /* SubtotalInterfaceController.swift */ = {isa = PBXFileReference; fileEncoding = 4; lastKnownFileType = sourcecode.swift; path = SubtotalInterfaceController.swift; sourceTree = "<group>"; };
		4E23C8DE197B009B00AE10F4 /* NumericText.swift */ = {isa = PBXFileReference; fileEncoding = 4; lastKnownFileType = sourcecode.swift; path = NumericText.swift; sourceTree = "<group>"; };
		4E23C8DF197B009B00AE10F4 /* NumericTextFieldDelegate.swift */ = {isa = PBXFileReference; fileEncoding = 4; lastKnownFileType = sourcecode.swift; path = NumericTextFieldDelegate.swift; sourceTree = "<group>"; };
		4E23C8E2197B00E700AE10F4 /* NumericTextFieldDelegateTests.swift */ = {isa = PBXFileReference; fileEncoding = 4; lastKnownFileType = sourcecode.swift; path = NumericTextFieldDelegateTests.swift; sourceTree = "<group>"; };
		4E23C8E3197B00E700AE10F4 /* NumericTextTests.swift */ = {isa = PBXFileReference; fileEncoding = 4; lastKnownFileType = sourcecode.swift; path = NumericTextTests.swift; sourceTree = "<group>"; };
		4E2EDF3D1AB53EA5001492EE /* KJTipCalculatorUITests.js */ = {isa = PBXFileReference; lastKnownFileType = sourcecode.javascript; path = KJTipCalculatorUITests.js; sourceTree = "<group>"; };
		4E2EDF3E1AB53EA5001492EE /* Makefile */ = {isa = PBXFileReference; lastKnownFileType = sourcecode.make; path = Makefile; sourceTree = "<group>"; };
		4E4801501D1F54BE008E3B8A /* KJTipCalculator-Watch.app */ = {isa = PBXFileReference; explicitFileType = wrapper.application; includeInIndex = 0; path = "KJTipCalculator-Watch.app"; sourceTree = BUILT_PRODUCTS_DIR; };
		4E4801531D1F54BE008E3B8A /* Base */ = {isa = PBXFileReference; lastKnownFileType = file.storyboard; name = Base; path = Base.lproj/Interface.storyboard; sourceTree = "<group>"; };
		4E4801551D1F54BE008E3B8A /* Assets.xcassets */ = {isa = PBXFileReference; lastKnownFileType = folder.assetcatalog; path = Assets.xcassets; sourceTree = "<group>"; };
		4E4801571D1F54BE008E3B8A /* Info.plist */ = {isa = PBXFileReference; lastKnownFileType = text.plist.xml; path = Info.plist; sourceTree = "<group>"; };
		4E48015C1D1F54BE008E3B8A /* KJTipCalculator-Watch Extension.appex */ = {isa = PBXFileReference; explicitFileType = "wrapper.app-extension"; includeInIndex = 0; path = "KJTipCalculator-Watch Extension.appex"; sourceTree = BUILT_PRODUCTS_DIR; };
		4E4801621D1F54BE008E3B8A /* PushNotificationPayload.apns */ = {isa = PBXFileReference; lastKnownFileType = text; path = PushNotificationPayload.apns; sourceTree = "<group>"; };
		4E4801631D1F54BE008E3B8A /* InterfaceController.swift */ = {isa = PBXFileReference; lastKnownFileType = sourcecode.swift; path = InterfaceController.swift; sourceTree = "<group>"; };
		4E4801651D1F54BE008E3B8A /* ExtensionDelegate.swift */ = {isa = PBXFileReference; lastKnownFileType = sourcecode.swift; path = ExtensionDelegate.swift; sourceTree = "<group>"; };
		4E4801671D1F54BE008E3B8A /* NotificationController.swift */ = {isa = PBXFileReference; lastKnownFileType = sourcecode.swift; path = NotificationController.swift; sourceTree = "<group>"; };
		4E4801691D1F54BE008E3B8A /* ComplicationController.swift */ = {isa = PBXFileReference; lastKnownFileType = sourcecode.swift; path = ComplicationController.swift; sourceTree = "<group>"; };
		4E48016B1D1F54BE008E3B8A /* Assets.xcassets */ = {isa = PBXFileReference; lastKnownFileType = folder.assetcatalog; path = Assets.xcassets; sourceTree = "<group>"; };
		4E48016D1D1F54BE008E3B8A /* Info.plist */ = {isa = PBXFileReference; lastKnownFileType = text.plist.xml; path = Info.plist; sourceTree = "<group>"; };
		4E4FA31D1BD9CD8C00CD9772 /* KJTipCalculator-cal.app */ = {isa = PBXFileReference; explicitFileType = wrapper.application; includeInIndex = 0; path = "KJTipCalculator-cal.app"; sourceTree = BUILT_PRODUCTS_DIR; };
		4E4FA3221BD9CDE400CD9772 /* KJTipCalculatorUITests.xctest */ = {isa = PBXFileReference; explicitFileType = wrapper.cfbundle; includeInIndex = 0; path = KJTipCalculatorUITests.xctest; sourceTree = BUILT_PRODUCTS_DIR; };
		4E4FA3241BD9CDE500CD9772 /* KJTipCalculatorUITests.swift */ = {isa = PBXFileReference; lastKnownFileType = sourcecode.swift; path = KJTipCalculatorUITests.swift; sourceTree = "<group>"; };
		4E4FA3261BD9CDE500CD9772 /* Info.plist */ = {isa = PBXFileReference; lastKnownFileType = text.plist.xml; path = Info.plist; sourceTree = "<group>"; };
		4E5C93FD1B2CC41B00CD1581 /* LaunchImage.storyboard */ = {isa = PBXFileReference; fileEncoding = 4; lastKnownFileType = file.storyboard; path = LaunchImage.storyboard; sourceTree = "<group>"; };
		4E71531A1AB51921007D7D77 /* OutputLabel.swift */ = {isa = PBXFileReference; fileEncoding = 4; lastKnownFileType = sourcecode.swift; path = OutputLabel.swift; sourceTree = "<group>"; };
		4E9FE860194CADC70015E1DA /* README.md */ = {isa = PBXFileReference; lastKnownFileType = net.daringfireball.markdown; path = README.md; sourceTree = SOURCE_ROOT; };
		4E9FE861194CAE3D0015E1DA /* LICENSE */ = {isa = PBXFileReference; fileEncoding = 4; lastKnownFileType = text; path = LICENSE; sourceTree = SOURCE_ROOT; };
		4EBA248B1D2E68D1007B190F /* Theme.swift */ = {isa = PBXFileReference; fileEncoding = 4; lastKnownFileType = sourcecode.swift; path = Theme.swift; sourceTree = "<group>"; };
		4ED605A5194BD30200DA29D2 /* KJTipCalculator.app */ = {isa = PBXFileReference; explicitFileType = wrapper.application; includeInIndex = 0; path = KJTipCalculator.app; sourceTree = BUILT_PRODUCTS_DIR; };
		4ED605A9194BD30200DA29D2 /* Info.plist */ = {isa = PBXFileReference; lastKnownFileType = text.plist.xml; path = Info.plist; sourceTree = "<group>"; };
		4ED605AA194BD30200DA29D2 /* AppDelegate.swift */ = {isa = PBXFileReference; lastKnownFileType = sourcecode.swift; path = AppDelegate.swift; sourceTree = "<group>"; };
		4ED605AC194BD30200DA29D2 /* ViewController.swift */ = {isa = PBXFileReference; lastKnownFileType = sourcecode.swift; path = ViewController.swift; sourceTree = "<group>"; };
		4ED605AF194BD30200DA29D2 /* Base */ = {isa = PBXFileReference; lastKnownFileType = file.storyboard; name = Base; path = Base.lproj/Main.storyboard; sourceTree = "<group>"; };
		4ED605B1194BD30200DA29D2 /* Images.xcassets */ = {isa = PBXFileReference; lastKnownFileType = folder.assetcatalog; path = Images.xcassets; sourceTree = "<group>"; };
		4ED605B7194BD30200DA29D2 /* KJTipCalculatorTests.xctest */ = {isa = PBXFileReference; explicitFileType = wrapper.cfbundle; includeInIndex = 0; path = KJTipCalculatorTests.xctest; sourceTree = BUILT_PRODUCTS_DIR; };
		4ED605BC194BD30200DA29D2 /* Info.plist */ = {isa = PBXFileReference; lastKnownFileType = text.plist.xml; path = Info.plist; sourceTree = "<group>"; };
		4EFD58091955CB9400CC9DCF /* TipCalculation.swift */ = {isa = PBXFileReference; fileEncoding = 4; lastKnownFileType = sourcecode.swift; path = TipCalculation.swift; sourceTree = "<group>"; };
		4EFD580C1955CC9D00CC9DCF /* TipCalculationTests.swift */ = {isa = PBXFileReference; fileEncoding = 4; lastKnownFileType = sourcecode.swift; path = TipCalculationTests.swift; sourceTree = "<group>"; };
		4EFD580E1955D6B500CC9DCF /* KJTipCalculatorScreenshot.png */ = {isa = PBXFileReference; lastKnownFileType = image.png; path = KJTipCalculatorScreenshot.png; sourceTree = SOURCE_ROOT; };
		6607bf06b119597e4bd3fd30 /* calabash.framework */ = {isa = PBXFileReference; fileEncoding = 4; lastKnownFileType = wrapper.framework; path = calabash.framework; sourceTree = "<group>"; };
		f6df7cc255ab79131741796e /* CFNetwork.framework */ = {isa = PBXFileReference; fileEncoding = 4; lastKnownFileType = wrapper.framework; name = CFNetwork.framework; path = System/Library/Frameworks/CFNetwork.framework; sourceTree = SDKROOT; };
/* End PBXFileReference section */

/* Begin PBXFrameworksBuildPhase section */
		4E09F9A41D28377200B29E74 /* Frameworks */ = {
			isa = PBXFrameworksBuildPhase;
			buildActionMask = 2147483647;
			files = (
			);
			runOnlyForDeploymentPostprocessing = 0;
		};
		4E4801591D1F54BE008E3B8A /* Frameworks */ = {
			isa = PBXFrameworksBuildPhase;
			buildActionMask = 2147483647;
			files = (
			);
			runOnlyForDeploymentPostprocessing = 0;
		};
		4E4FA31F1BD9CDE400CD9772 /* Frameworks */ = {
			isa = PBXFrameworksBuildPhase;
			buildActionMask = 2147483647;
			files = (
			);
			runOnlyForDeploymentPostprocessing = 0;
		};
		4ED605A2194BD30200DA29D2 /* Frameworks */ = {
			isa = PBXFrameworksBuildPhase;
			buildActionMask = 2147483647;
			files = (
			);
			runOnlyForDeploymentPostprocessing = 0;
		};
		4ED605B4194BD30200DA29D2 /* Frameworks */ = {
			isa = PBXFrameworksBuildPhase;
			buildActionMask = 2147483647;
			files = (
			);
			runOnlyForDeploymentPostprocessing = 0;
		};
		57987f06428cf1bb2ebbfad1 /* Frameworks */ = {
			isa = PBXFrameworksBuildPhase;
			buildActionMask = 2147483647;
			files = (
				85b6d5ec5d3ce09b221a7611 /* CFNetwork.framework in Frameworks */,
				f62192f2e8a1306d281917c9 /* calabash.framework in Frameworks */,
			);
			runOnlyForDeploymentPostprocessing = 0;
		};
/* End PBXFrameworksBuildPhase section */

/* Begin PBXGroup section */
		4E09F9A81D28377200B29E74 /* KJTipCalculator-Watch Extension Tests */ = {
			isa = PBXGroup;
			children = (
				4E09F9AB1D28377200B29E74 /* Info.plist */,
				4E09F9B01D28380900B29E74 /* KeypadViewModelTests.swift */,
			);
			path = "KJTipCalculator-Watch Extension Tests";
			sourceTree = "<group>";
		};
		4E2EDF3C1AB53E6B001492EE /* UIAutomationTests */ = {
			isa = PBXGroup;
			children = (
				4E2EDF3D1AB53EA5001492EE /* KJTipCalculatorUITests.js */,
				4E2EDF3E1AB53EA5001492EE /* Makefile */,
			);
			path = UIAutomationTests;
			sourceTree = "<group>";
		};
		4E4801511D1F54BE008E3B8A /* KJTipCalculator-Watch */ = {
			isa = PBXGroup;
			children = (
				4E4801521D1F54BE008E3B8A /* Interface.storyboard */,
				4E4801551D1F54BE008E3B8A /* Assets.xcassets */,
				4E4801571D1F54BE008E3B8A /* Info.plist */,
			);
			path = "KJTipCalculator-Watch";
			sourceTree = "<group>";
		};
		4E4801601D1F54BE008E3B8A /* KJTipCalculator-Watch Extension */ = {
			isa = PBXGroup;
			children = (
				4E48016B1D1F54BE008E3B8A /* Assets.xcassets */,
				4E4801691D1F54BE008E3B8A /* ComplicationController.swift */,
				4E4801651D1F54BE008E3B8A /* ExtensionDelegate.swift */,
				4E48016D1D1F54BE008E3B8A /* Info.plist */,
				4E4801631D1F54BE008E3B8A /* InterfaceController.swift */,
				4E09F94C1D25DF3500B29E74 /* KeypadViewModel.swift */,
				4E4801671D1F54BE008E3B8A /* NotificationController.swift */,
				4E1CA30D1D1F5AD300118116 /* SubtotalInterfaceController.swift */,
				4E4801611D1F54BE008E3B8A /* Supporting Files */,
			);
			path = "KJTipCalculator-Watch Extension";
			sourceTree = "<group>";
		};
		4E4801611D1F54BE008E3B8A /* Supporting Files */ = {
			isa = PBXGroup;
			children = (
				4E4801621D1F54BE008E3B8A /* PushNotificationPayload.apns */,
			);
			name = "Supporting Files";
			sourceTree = "<group>";
		};
		4E4FA3231BD9CDE500CD9772 /* KJTipCalculatorUITests */ = {
			isa = PBXGroup;
			children = (
				4E4FA3241BD9CDE500CD9772 /* KJTipCalculatorUITests.swift */,
				4E4FA3261BD9CDE500CD9772 /* Info.plist */,
			);
			path = KJTipCalculatorUITests;
			sourceTree = "<group>";
		};
		4E6977921BD2942C0020C393 /* Frameworks */ = {
			isa = PBXGroup;
			children = (
				f6df7cc255ab79131741796e /* CFNetwork.framework */,
				6607bf06b119597e4bd3fd30 /* calabash.framework */,
			);
			name = Frameworks;
			sourceTree = "<group>";
		};
		4ED6059C194BD30200DA29D2 = {
			isa = PBXGroup;
			children = (
				4ED605A7194BD30200DA29D2 /* KJTipCalculator */,
				4ED605BA194BD30200DA29D2 /* KJTipCalculatorTests */,
				4E4FA3231BD9CDE500CD9772 /* KJTipCalculatorUITests */,
				4E4801511D1F54BE008E3B8A /* KJTipCalculator-Watch */,
				4E4801601D1F54BE008E3B8A /* KJTipCalculator-Watch Extension */,
				4E09F9A81D28377200B29E74 /* KJTipCalculator-Watch Extension Tests */,
				4E6977921BD2942C0020C393 /* Frameworks */,
				4ED605A6194BD30200DA29D2 /* Products */,
				4E2EDF3C1AB53E6B001492EE /* UIAutomationTests */,
			);
			sourceTree = "<group>";
		};
		4ED605A6194BD30200DA29D2 /* Products */ = {
			isa = PBXGroup;
			children = (
				4ED605A5194BD30200DA29D2 /* KJTipCalculator.app */,
				4ED605B7194BD30200DA29D2 /* KJTipCalculatorTests.xctest */,
				4E4FA31D1BD9CD8C00CD9772 /* KJTipCalculator-cal.app */,
				4E4FA3221BD9CDE400CD9772 /* KJTipCalculatorUITests.xctest */,
				4E4801501D1F54BE008E3B8A /* KJTipCalculator-Watch.app */,
				4E48015C1D1F54BE008E3B8A /* KJTipCalculator-Watch Extension.appex */,
				4E09F9A71D28377200B29E74 /* KJTipCalculator-Watch Extension Tests.xctest */,
			);
			name = Products;
			sourceTree = "<group>";
		};
		4ED605A7194BD30200DA29D2 /* KJTipCalculator */ = {
			isa = PBXGroup;
			children = (
				4ED605AA194BD30200DA29D2 /* AppDelegate.swift */,
				4EFD580F1955D6D000CC9DCF /* Documentation */,
				4ED605B1194BD30200DA29D2 /* Images.xcassets */,
				4ED605AE194BD30200DA29D2 /* Main.storyboard */,
				4E23C8DE197B009B00AE10F4 /* NumericText.swift */,
				4E23C8DF197B009B00AE10F4 /* NumericTextFieldDelegate.swift */,
				4E71531A1AB51921007D7D77 /* OutputLabel.swift */,
				4ED605A8194BD30200DA29D2 /* Supporting Files */,
				4EBA248B1D2E68D1007B190F /* Theme.swift */,
				4EFD58091955CB9400CC9DCF /* TipCalculation.swift */,
				4ED605AC194BD30200DA29D2 /* ViewController.swift */,
			);
			path = KJTipCalculator;
			sourceTree = "<group>";
		};
		4ED605A8194BD30200DA29D2 /* Supporting Files */ = {
			isa = PBXGroup;
			children = (
				4ED605A9194BD30200DA29D2 /* Info.plist */,
				4E5C93FD1B2CC41B00CD1581 /* LaunchImage.storyboard */,
			);
			name = "Supporting Files";
			sourceTree = "<group>";
		};
		4ED605BA194BD30200DA29D2 /* KJTipCalculatorTests */ = {
			isa = PBXGroup;
			children = (
				4E23C8E2197B00E700AE10F4 /* NumericTextFieldDelegateTests.swift */,
				4E23C8E3197B00E700AE10F4 /* NumericTextTests.swift */,
				4ED605BB194BD30200DA29D2 /* Supporting Files */,
				4EFD580C1955CC9D00CC9DCF /* TipCalculationTests.swift */,
			);
			path = KJTipCalculatorTests;
			sourceTree = "<group>";
		};
		4ED605BB194BD30200DA29D2 /* Supporting Files */ = {
			isa = PBXGroup;
			children = (
				4ED605BC194BD30200DA29D2 /* Info.plist */,
			);
			name = "Supporting Files";
			sourceTree = "<group>";
		};
		4EFD580F1955D6D000CC9DCF /* Documentation */ = {
			isa = PBXGroup;
			children = (
				4EFD580E1955D6B500CC9DCF /* KJTipCalculatorScreenshot.png */,
				4E9FE861194CAE3D0015E1DA /* LICENSE */,
				4E9FE860194CADC70015E1DA /* README.md */,
			);
			name = Documentation;
			sourceTree = "<group>";
		};
/* End PBXGroup section */

/* Begin PBXNativeTarget section */
		4E09F9A61D28377200B29E74 /* KJTipCalculator-Watch Extension Tests */ = {
			isa = PBXNativeTarget;
			buildConfigurationList = 4E09F9AE1D28377200B29E74 /* Build configuration list for PBXNativeTarget "KJTipCalculator-Watch Extension Tests" */;
			buildPhases = (
				4E09F9A31D28377200B29E74 /* Sources */,
				4E09F9A41D28377200B29E74 /* Frameworks */,
				4E09F9A51D28377200B29E74 /* Resources */,
			);
			buildRules = (
			);
			dependencies = (
			);
			name = "KJTipCalculator-Watch Extension Tests";
			productName = "KJTipCalculator-Watch Extension Tests";
			productReference = 4E09F9A71D28377200B29E74 /* KJTipCalculator-Watch Extension Tests.xctest */;
			productType = "com.apple.product-type.bundle.unit-test";
		};
		4E48014F1D1F54BE008E3B8A /* KJTipCalculator-Watch */ = {
			isa = PBXNativeTarget;
			buildConfigurationList = 4E4801771D1F54BE008E3B8A /* Build configuration list for PBXNativeTarget "KJTipCalculator-Watch" */;
			buildPhases = (
				4E48014E1D1F54BE008E3B8A /* Resources */,
				4E4801761D1F54BE008E3B8A /* Embed App Extensions */,
			);
			buildRules = (
			);
			dependencies = (
				4E48015F1D1F54BE008E3B8A /* PBXTargetDependency */,
			);
			name = "KJTipCalculator-Watch";
			productName = "KJTipCalculator-Watch";
			productReference = 4E4801501D1F54BE008E3B8A /* KJTipCalculator-Watch.app */;
			productType = "com.apple.product-type.application.watchapp2";
		};
		4E48015B1D1F54BE008E3B8A /* KJTipCalculator-Watch Extension */ = {
			isa = PBXNativeTarget;
			buildConfigurationList = 4E4801751D1F54BE008E3B8A /* Build configuration list for PBXNativeTarget "KJTipCalculator-Watch Extension" */;
			buildPhases = (
				4E4801581D1F54BE008E3B8A /* Sources */,
				4E4801591D1F54BE008E3B8A /* Frameworks */,
				4E48015A1D1F54BE008E3B8A /* Resources */,
			);
			buildRules = (
			);
			dependencies = (
			);
			name = "KJTipCalculator-Watch Extension";
			productName = "KJTipCalculator-Watch Extension";
			productReference = 4E48015C1D1F54BE008E3B8A /* KJTipCalculator-Watch Extension.appex */;
			productType = "com.apple.product-type.watchkit2-extension";
		};
		4E4FA3211BD9CDE400CD9772 /* KJTipCalculatorUITests */ = {
			isa = PBXNativeTarget;
			buildConfigurationList = 4E4FA32B1BD9CDE500CD9772 /* Build configuration list for PBXNativeTarget "KJTipCalculatorUITests" */;
			buildPhases = (
				4E4FA31E1BD9CDE400CD9772 /* Sources */,
				4E4FA31F1BD9CDE400CD9772 /* Frameworks */,
				4E4FA3201BD9CDE400CD9772 /* Resources */,
			);
			buildRules = (
			);
			dependencies = (
				4E4FA3281BD9CDE500CD9772 /* PBXTargetDependency */,
			);
			name = KJTipCalculatorUITests;
			productName = KJTipCalculatorUITests;
			productReference = 4E4FA3221BD9CDE400CD9772 /* KJTipCalculatorUITests.xctest */;
			productType = "com.apple.product-type.bundle.ui-testing";
		};
		4ED605A4194BD30200DA29D2 /* KJTipCalculator */ = {
			isa = PBXNativeTarget;
			buildConfigurationList = 4ED605C1194BD30200DA29D2 /* Build configuration list for PBXNativeTarget "KJTipCalculator" */;
			buildPhases = (
				4ED605A1194BD30200DA29D2 /* Sources */,
				4ED605A2194BD30200DA29D2 /* Frameworks */,
				4ED605A3194BD30200DA29D2 /* Resources */,
				4E4801781D1F54BE008E3B8A /* Embed Watch Content */,
			);
			buildRules = (
			);
			dependencies = (
				4E48016F1D1F54BE008E3B8A /* PBXTargetDependency */,
			);
			name = KJTipCalculator;
			productName = KJTipCalculator;
			productReference = 4ED605A5194BD30200DA29D2 /* KJTipCalculator.app */;
			productType = "com.apple.product-type.application";
		};
		4ED605B6194BD30200DA29D2 /* KJTipCalculatorTests */ = {
			isa = PBXNativeTarget;
			buildConfigurationList = 4ED605C4194BD30200DA29D2 /* Build configuration list for PBXNativeTarget "KJTipCalculatorTests" */;
			buildPhases = (
				4ED605B3194BD30200DA29D2 /* Sources */,
				4ED605B4194BD30200DA29D2 /* Frameworks */,
				4ED605B5194BD30200DA29D2 /* Resources */,
			);
			buildRules = (
			);
			dependencies = (
				4ED605B9194BD30200DA29D2 /* PBXTargetDependency */,
			);
			name = KJTipCalculatorTests;
			productName = KJTipCalculatorTests;
			productReference = 4ED605B7194BD30200DA29D2 /* KJTipCalculatorTests.xctest */;
			productType = "com.apple.product-type.bundle.unit-test";
		};
		6205a5d1981fcd8fd2fe253b /* KJTipCalculator-cal */ = {
			isa = PBXNativeTarget;
			buildConfigurationList = 81754e6096e46d68154a3ea7 /* Build configuration list for PBXNativeTarget "KJTipCalculator-cal" */;
			buildPhases = (
				754c4351364649bc7d8bb748 /* Sources */,
				57987f06428cf1bb2ebbfad1 /* Frameworks */,
				cf48d5f21028982f61b3a55c /* Resources */,
			);
			buildRules = (
			);
			dependencies = (
			);
			name = "KJTipCalculator-cal";
			productName = "KJTipCalculator-cal";
			productReference = 4E4FA31D1BD9CD8C00CD9772 /* KJTipCalculator-cal.app */;
			productType = "com.apple.product-type.application";
		};
/* End PBXNativeTarget section */

/* Begin PBXProject section */
		4ED6059D194BD30200DA29D2 /* Project object */ = {
			isa = PBXProject;
			attributes = {
				LastSwiftUpdateCheck = 0730;
				LastUpgradeCheck = 0700;
				ORGANIZATIONNAME = "Kristopher Johnson";
				TargetAttributes = {
					4E09F9A61D28377200B29E74 = {
						CreatedOnToolsVersion = 7.3.1;
					};
					4E48014F1D1F54BE008E3B8A = {
						CreatedOnToolsVersion = 7.3.1;
						DevelopmentTeam = D5E423632K;
					};
					4E48015B1D1F54BE008E3B8A = {
						CreatedOnToolsVersion = 7.3.1;
						DevelopmentTeam = D5E423632K;
					};
					4E4FA3211BD9CDE400CD9772 = {
						CreatedOnToolsVersion = 7.1;
						TestTargetID = 4ED605A4194BD30200DA29D2;
					};
					4ED605A4194BD30200DA29D2 = {
						CreatedOnToolsVersion = 6.0;
						DevelopmentTeam = D5E423632K;
					};
					4ED605B6194BD30200DA29D2 = {
						CreatedOnToolsVersion = 6.0;
						TestTargetID = 4ED605A4194BD30200DA29D2;
					};
				};
			};
			buildConfigurationList = 4ED605A0194BD30200DA29D2 /* Build configuration list for PBXProject "KJTipCalculator" */;
			compatibilityVersion = "Xcode 3.2";
			developmentRegion = English;
			hasScannedForEncodings = 0;
			knownRegions = (
				en,
				Base,
			);
			mainGroup = 4ED6059C194BD30200DA29D2;
			productRefGroup = 4ED605A6194BD30200DA29D2 /* Products */;
			projectDirPath = "";
			projectRoot = "";
			targets = (
				4ED605A4194BD30200DA29D2 /* KJTipCalculator */,
				4ED605B6194BD30200DA29D2 /* KJTipCalculatorTests */,
				6205a5d1981fcd8fd2fe253b /* KJTipCalculator-cal */,
				4E4FA3211BD9CDE400CD9772 /* KJTipCalculatorUITests */,
				4E48014F1D1F54BE008E3B8A /* KJTipCalculator-Watch */,
				4E48015B1D1F54BE008E3B8A /* KJTipCalculator-Watch Extension */,
				4E09F9A61D28377200B29E74 /* KJTipCalculator-Watch Extension Tests */,
			);
		};
/* End PBXProject section */

/* Begin PBXResourcesBuildPhase section */
		4E09F9A51D28377200B29E74 /* Resources */ = {
			isa = PBXResourcesBuildPhase;
			buildActionMask = 2147483647;
			files = (
			);
			runOnlyForDeploymentPostprocessing = 0;
		};
		4E48014E1D1F54BE008E3B8A /* Resources */ = {
			isa = PBXResourcesBuildPhase;
			buildActionMask = 2147483647;
			files = (
				4E4801561D1F54BE008E3B8A /* Assets.xcassets in Resources */,
				4E4801541D1F54BE008E3B8A /* Interface.storyboard in Resources */,
			);
			runOnlyForDeploymentPostprocessing = 0;
		};
		4E48015A1D1F54BE008E3B8A /* Resources */ = {
			isa = PBXResourcesBuildPhase;
			buildActionMask = 2147483647;
			files = (
				4E48016C1D1F54BE008E3B8A /* Assets.xcassets in Resources */,
			);
			runOnlyForDeploymentPostprocessing = 0;
		};
		4E4FA3201BD9CDE400CD9772 /* Resources */ = {
			isa = PBXResourcesBuildPhase;
			buildActionMask = 2147483647;
			files = (
			);
			runOnlyForDeploymentPostprocessing = 0;
		};
		4ED605A3194BD30200DA29D2 /* Resources */ = {
			isa = PBXResourcesBuildPhase;
			buildActionMask = 2147483647;
			files = (
				4E5C93FE1B2CC41B00CD1581 /* LaunchImage.storyboard in Resources */,
				4ED605B0194BD30200DA29D2 /* Main.storyboard in Resources */,
				4ED605B2194BD30200DA29D2 /* Images.xcassets in Resources */,
			);
			runOnlyForDeploymentPostprocessing = 0;
		};
		4ED605B5194BD30200DA29D2 /* Resources */ = {
			isa = PBXResourcesBuildPhase;
			buildActionMask = 2147483647;
			files = (
			);
			runOnlyForDeploymentPostprocessing = 0;
		};
		cf48d5f21028982f61b3a55c /* Resources */ = {
			isa = PBXResourcesBuildPhase;
			buildActionMask = 2147483647;
			files = (
				da8a9cd84389b2d85bd6eb4b /* LaunchImage.storyboard in Resources */,
				5753226101dc9e9b53629c30 /* Main.storyboard in Resources */,
				5e5335b84fbe16189f9d0ee7 /* Images.xcassets in Resources */,
			);
			runOnlyForDeploymentPostprocessing = 0;
		};
/* End PBXResourcesBuildPhase section */

/* Begin PBXSourcesBuildPhase section */
		4E09F9A31D28377200B29E74 /* Sources */ = {
			isa = PBXSourcesBuildPhase;
			buildActionMask = 2147483647;
			files = (
				4E09F9B11D28380900B29E74 /* KeypadViewModelTests.swift in Sources */,
				4E09F9AF1D2837D800B29E74 /* KeypadViewModel.swift in Sources */,
			);
			runOnlyForDeploymentPostprocessing = 0;
		};
		4E4801581D1F54BE008E3B8A /* Sources */ = {
			isa = PBXSourcesBuildPhase;
			buildActionMask = 2147483647;
			files = (
				4E4801681D1F54BE008E3B8A /* NotificationController.swift in Sources */,
				4EBA248D1D2E6906007B190F /* Theme.swift in Sources */,
				4E1CA30E1D1F5AD300118116 /* SubtotalInterfaceController.swift in Sources */,
				4E09F94D1D25DF3500B29E74 /* KeypadViewModel.swift in Sources */,
				4E48016A1D1F54BE008E3B8A /* ComplicationController.swift in Sources */,
				4E09F9B21D287E1F00B29E74 /* TipCalculation.swift in Sources */,
				4E4801661D1F54BE008E3B8A /* ExtensionDelegate.swift in Sources */,
				4E4801641D1F54BE008E3B8A /* InterfaceController.swift in Sources */,
			);
			runOnlyForDeploymentPostprocessing = 0;
		};
		4E4FA31E1BD9CDE400CD9772 /* Sources */ = {
			isa = PBXSourcesBuildPhase;
			buildActionMask = 2147483647;
			files = (
				4E4FA3251BD9CDE500CD9772 /* KJTipCalculatorUITests.swift in Sources */,
			);
			runOnlyForDeploymentPostprocessing = 0;
		};
		4ED605A1194BD30200DA29D2 /* Sources */ = {
			isa = PBXSourcesBuildPhase;
			buildActionMask = 2147483647;
			files = (
				4E23C8E0197B009B00AE10F4 /* NumericText.swift in Sources */,
				4ED605AD194BD30200DA29D2 /* ViewController.swift in Sources */,
				4ED605AB194BD30200DA29D2 /* AppDelegate.swift in Sources */,
				4E71531B1AB51921007D7D77 /* OutputLabel.swift in Sources */,
				4EFD580A1955CB9400CC9DCF /* TipCalculation.swift in Sources */,
				4E23C8E1197B009B00AE10F4 /* NumericTextFieldDelegate.swift in Sources */,
				4EBA248C1D2E68D1007B190F /* Theme.swift in Sources */,
			);
			runOnlyForDeploymentPostprocessing = 0;
		};
		4ED605B3194BD30200DA29D2 /* Sources */ = {
			isa = PBXSourcesBuildPhase;
			buildActionMask = 2147483647;
			files = (
				4E23C8E4197B00E700AE10F4 /* NumericTextFieldDelegateTests.swift in Sources */,
				4EFD580D1955CC9D00CC9DCF /* TipCalculationTests.swift in Sources */,
				4E23C8E5197B00E700AE10F4 /* NumericTextTests.swift in Sources */,
			);
			runOnlyForDeploymentPostprocessing = 0;
		};
		754c4351364649bc7d8bb748 /* Sources */ = {
			isa = PBXSourcesBuildPhase;
			buildActionMask = 2147483647;
			files = (
				6bb472c32c3d2afeabc75c3b /* NumericText.swift in Sources */,
				eac18f19704892f0ef0bc3e0 /* ViewController.swift in Sources */,
				368bb0a8482782b7413a1c37 /* AppDelegate.swift in Sources */,
				6558f62320a0398f749a25b6 /* OutputLabel.swift in Sources */,
				a7ae6c5b31ac1fe486ca1f84 /* TipCalculation.swift in Sources */,
				73b3a806af0357c38f609bca /* NumericTextFieldDelegate.swift in Sources */,
			);
			runOnlyForDeploymentPostprocessing = 0;
		};
/* End PBXSourcesBuildPhase section */

/* Begin PBXTargetDependency section */
		4E48015F1D1F54BE008E3B8A /* PBXTargetDependency */ = {
			isa = PBXTargetDependency;
			target = 4E48015B1D1F54BE008E3B8A /* KJTipCalculator-Watch Extension */;
			targetProxy = 4E48015E1D1F54BE008E3B8A /* PBXContainerItemProxy */;
		};
		4E48016F1D1F54BE008E3B8A /* PBXTargetDependency */ = {
			isa = PBXTargetDependency;
			target = 4E48014F1D1F54BE008E3B8A /* KJTipCalculator-Watch */;
			targetProxy = 4E48016E1D1F54BE008E3B8A /* PBXContainerItemProxy */;
		};
		4E4FA3281BD9CDE500CD9772 /* PBXTargetDependency */ = {
			isa = PBXTargetDependency;
			target = 4ED605A4194BD30200DA29D2 /* KJTipCalculator */;
			targetProxy = 4E4FA3271BD9CDE500CD9772 /* PBXContainerItemProxy */;
		};
		4ED605B9194BD30200DA29D2 /* PBXTargetDependency */ = {
			isa = PBXTargetDependency;
			target = 4ED605A4194BD30200DA29D2 /* KJTipCalculator */;
			targetProxy = 4ED605B8194BD30200DA29D2 /* PBXContainerItemProxy */;
		};
/* End PBXTargetDependency section */

/* Begin PBXVariantGroup section */
		4E4801521D1F54BE008E3B8A /* Interface.storyboard */ = {
			isa = PBXVariantGroup;
			children = (
				4E4801531D1F54BE008E3B8A /* Base */,
			);
			name = Interface.storyboard;
			sourceTree = "<group>";
		};
		4ED605AE194BD30200DA29D2 /* Main.storyboard */ = {
			isa = PBXVariantGroup;
			children = (
				4ED605AF194BD30200DA29D2 /* Base */,
			);
			name = Main.storyboard;
			sourceTree = "<group>";
		};
/* End PBXVariantGroup section */

/* Begin XCBuildConfiguration section */
		4178f5ae5155bc58296a7bb6 /* Release */ = {
			isa = XCBuildConfiguration;
			buildSettings = {
				ASSETCATALOG_COMPILER_APPICON_NAME = AppIcon;
				CODE_SIGN_IDENTITY = "iPhone Developer";
				FRAMEWORK_SEARCH_PATHS = (
					"$(inherited)",
					"\"$(SRCROOT)\"",
				);
				INFOPLIST_FILE = KJTipCalculator/Info.plist;
				IPHONEOS_DEPLOYMENT_TARGET = 8.0;
				LD_RUNPATH_SEARCH_PATHS = "$(inherited) @executable_path/Frameworks";
				OTHER_LDFLAGS = (
					"$(inherited)",
					"-force_load",
					"\"$(SRCROOT)/calabash.framework/calabash\"",
					"-lstdc++",
				);
				PRODUCT_BUNDLE_IDENTIFIER = "net.kristopherjohnson.$(PRODUCT_NAME:rfc1034identifier)";
				PRODUCT_NAME = "$(TARGET_NAME)";
			};
			name = Release;
		};
		4E09F9AC1D28377200B29E74 /* Debug */ = {
			isa = XCBuildConfiguration;
			buildSettings = {
				CLANG_ANALYZER_NONNULL = YES;
				DEBUG_INFORMATION_FORMAT = dwarf;
				GCC_NO_COMMON_BLOCKS = YES;
				INFOPLIST_FILE = "KJTipCalculator-Watch Extension Tests/Info.plist";
				IPHONEOS_DEPLOYMENT_TARGET = 9.3;
				LD_RUNPATH_SEARCH_PATHS = "$(inherited) @executable_path/Frameworks @loader_path/Frameworks";
				MTL_ENABLE_DEBUG_INFO = YES;
				PRODUCT_BUNDLE_IDENTIFIER = "net.kristopherjohnson.KJTipCalculator-Watch-Extension-Tests";
				PRODUCT_NAME = "$(TARGET_NAME)";
			};
			name = Debug;
		};
		4E09F9AD1D28377200B29E74 /* Release */ = {
			isa = XCBuildConfiguration;
			buildSettings = {
				CLANG_ANALYZER_NONNULL = YES;
				COPY_PHASE_STRIP = NO;
				DEBUG_INFORMATION_FORMAT = "dwarf-with-dsym";
				GCC_NO_COMMON_BLOCKS = YES;
				INFOPLIST_FILE = "KJTipCalculator-Watch Extension Tests/Info.plist";
				IPHONEOS_DEPLOYMENT_TARGET = 9.3;
				LD_RUNPATH_SEARCH_PATHS = "$(inherited) @executable_path/Frameworks @loader_path/Frameworks";
				MTL_ENABLE_DEBUG_INFO = NO;
				PRODUCT_BUNDLE_IDENTIFIER = "net.kristopherjohnson.KJTipCalculator-Watch-Extension-Tests";
				PRODUCT_NAME = "$(TARGET_NAME)";
			};
			name = Release;
		};
		4E4801711D1F54BE008E3B8A /* Debug */ = {
			isa = XCBuildConfiguration;
			buildSettings = {
				ASSETCATALOG_COMPILER_APPICON_NAME = AppIcon;
				CLANG_ANALYZER_NONNULL = YES;
				CODE_SIGN_IDENTITY = "iPhone Developer";
				DEBUG_INFORMATION_FORMAT = dwarf;
				EMBEDDED_CONTENT_CONTAINS_SWIFT = YES;
				GCC_NO_COMMON_BLOCKS = YES;
				IBSC_MODULE = KJTipCalculator_Watch_Extension;
				INFOPLIST_FILE = "KJTipCalculator-Watch/Info.plist";
				MTL_ENABLE_DEBUG_INFO = YES;
				PRODUCT_BUNDLE_IDENTIFIER = net.kristopherjohnson.KJTipCalculator.watchkitapp;
				PRODUCT_NAME = "$(TARGET_NAME)";
				SDKROOT = watchos;
				SKIP_INSTALL = YES;
				TARGETED_DEVICE_FAMILY = 4;
				WATCHOS_DEPLOYMENT_TARGET = 2.2;
			};
			name = Debug;
		};
		4E4801721D1F54BE008E3B8A /* Release */ = {
			isa = XCBuildConfiguration;
			buildSettings = {
				ASSETCATALOG_COMPILER_APPICON_NAME = AppIcon;
				CLANG_ANALYZER_NONNULL = YES;
				CODE_SIGN_IDENTITY = "iPhone Developer";
				COPY_PHASE_STRIP = NO;
				DEBUG_INFORMATION_FORMAT = "dwarf-with-dsym";
				EMBEDDED_CONTENT_CONTAINS_SWIFT = YES;
				GCC_NO_COMMON_BLOCKS = YES;
				IBSC_MODULE = KJTipCalculator_Watch_Extension;
				INFOPLIST_FILE = "KJTipCalculator-Watch/Info.plist";
				MTL_ENABLE_DEBUG_INFO = NO;
				PRODUCT_BUNDLE_IDENTIFIER = net.kristopherjohnson.KJTipCalculator.watchkitapp;
				PRODUCT_NAME = "$(TARGET_NAME)";
				SDKROOT = watchos;
				SKIP_INSTALL = YES;
				TARGETED_DEVICE_FAMILY = 4;
				WATCHOS_DEPLOYMENT_TARGET = 2.2;
			};
			name = Release;
		};
		4E4801731D1F54BE008E3B8A /* Debug */ = {
			isa = XCBuildConfiguration;
			buildSettings = {
				ASSETCATALOG_COMPILER_COMPLICATION_NAME = Complication;
				CLANG_ANALYZER_NONNULL = YES;
				CODE_SIGN_IDENTITY = "iPhone Developer";
				"CODE_SIGN_IDENTITY[sdk=watchos*]" = "iPhone Developer";
				DEBUG_INFORMATION_FORMAT = dwarf;
				GCC_NO_COMMON_BLOCKS = YES;
				INFOPLIST_FILE = "KJTipCalculator-Watch Extension/Info.plist";
				LD_RUNPATH_SEARCH_PATHS = "$(inherited) @executable_path/Frameworks @executable_path/../../Frameworks";
				MTL_ENABLE_DEBUG_INFO = YES;
				PRODUCT_BUNDLE_IDENTIFIER = net.kristopherjohnson.KJTipCalculator.watchkitapp.watchkitextension;
				PRODUCT_NAME = "${TARGET_NAME}";
				PROVISIONING_PROFILE = "";
				SDKROOT = watchos;
				SKIP_INSTALL = YES;
				TARGETED_DEVICE_FAMILY = 4;
				WATCHOS_DEPLOYMENT_TARGET = 2.2;
			};
			name = Debug;
		};
		4E4801741D1F54BE008E3B8A /* Release */ = {
			isa = XCBuildConfiguration;
			buildSettings = {
				ASSETCATALOG_COMPILER_COMPLICATION_NAME = Complication;
				CLANG_ANALYZER_NONNULL = YES;
				CODE_SIGN_IDENTITY = "iPhone Developer";
				"CODE_SIGN_IDENTITY[sdk=watchos*]" = "iPhone Developer";
				COPY_PHASE_STRIP = NO;
				DEBUG_INFORMATION_FORMAT = "dwarf-with-dsym";
				GCC_NO_COMMON_BLOCKS = YES;
				INFOPLIST_FILE = "KJTipCalculator-Watch Extension/Info.plist";
				LD_RUNPATH_SEARCH_PATHS = "$(inherited) @executable_path/Frameworks @executable_path/../../Frameworks";
				MTL_ENABLE_DEBUG_INFO = NO;
				PRODUCT_BUNDLE_IDENTIFIER = net.kristopherjohnson.KJTipCalculator.watchkitapp.watchkitextension;
				PRODUCT_NAME = "${TARGET_NAME}";
				PROVISIONING_PROFILE = "";
				SDKROOT = watchos;
				SKIP_INSTALL = YES;
				TARGETED_DEVICE_FAMILY = 4;
				WATCHOS_DEPLOYMENT_TARGET = 2.2;
			};
			name = Release;
		};
		4E4FA3291BD9CDE500CD9772 /* Debug */ = {
			isa = XCBuildConfiguration;
			buildSettings = {
				DEBUG_INFORMATION_FORMAT = dwarf;
				GCC_NO_COMMON_BLOCKS = YES;
				INFOPLIST_FILE = KJTipCalculatorUITests/Info.plist;
				IPHONEOS_DEPLOYMENT_TARGET = 9.1;
				LD_RUNPATH_SEARCH_PATHS = "$(inherited) @executable_path/Frameworks @loader_path/Frameworks";
				MTL_ENABLE_DEBUG_INFO = YES;
				PRODUCT_BUNDLE_IDENTIFIER = net.kristopherjohnson.KJTipCalculatorUITests;
				PRODUCT_NAME = "$(TARGET_NAME)";
				TEST_TARGET_NAME = KJTipCalculator;
				USES_XCTRUNNER = YES;
			};
			name = Debug;
		};
		4E4FA32A1BD9CDE500CD9772 /* Release */ = {
			isa = XCBuildConfiguration;
			buildSettings = {
				COPY_PHASE_STRIP = NO;
				DEBUG_INFORMATION_FORMAT = "dwarf-with-dsym";
				GCC_NO_COMMON_BLOCKS = YES;
				INFOPLIST_FILE = KJTipCalculatorUITests/Info.plist;
				IPHONEOS_DEPLOYMENT_TARGET = 9.1;
				LD_RUNPATH_SEARCH_PATHS = "$(inherited) @executable_path/Frameworks @loader_path/Frameworks";
				MTL_ENABLE_DEBUG_INFO = NO;
				PRODUCT_BUNDLE_IDENTIFIER = net.kristopherjohnson.KJTipCalculatorUITests;
				PRODUCT_NAME = "$(TARGET_NAME)";
				TEST_TARGET_NAME = KJTipCalculator;
				USES_XCTRUNNER = YES;
			};
			name = Release;
		};
		4ED605BF194BD30200DA29D2 /* Debug */ = {
			isa = XCBuildConfiguration;
			buildSettings = {
				ALWAYS_SEARCH_USER_PATHS = NO;
				CLANG_CXX_LANGUAGE_STANDARD = "gnu++0x";
				CLANG_CXX_LIBRARY = "libc++";
				CLANG_ENABLE_MODULES = YES;
				CLANG_ENABLE_OBJC_ARC = YES;
				CLANG_WARN_BOOL_CONVERSION = YES;
				CLANG_WARN_CONSTANT_CONVERSION = YES;
				CLANG_WARN_DIRECT_OBJC_ISA_USAGE = YES_ERROR;
				CLANG_WARN_EMPTY_BODY = YES;
				CLANG_WARN_ENUM_CONVERSION = YES;
				CLANG_WARN_INT_CONVERSION = YES;
				CLANG_WARN_OBJC_ROOT_CLASS = YES_ERROR;
				CLANG_WARN_UNREACHABLE_CODE = YES;
				CLANG_WARN__DUPLICATE_METHOD_MATCH = YES;
				"CODE_SIGN_IDENTITY[sdk=iphoneos*]" = "iPhone Developer";
				COPY_PHASE_STRIP = NO;
				ENABLE_STRICT_OBJC_MSGSEND = YES;
				ENABLE_TESTABILITY = YES;
				GCC_C_LANGUAGE_STANDARD = gnu99;
				GCC_DYNAMIC_NO_PIC = NO;
				GCC_OPTIMIZATION_LEVEL = 0;
				GCC_PREPROCESSOR_DEFINITIONS = (
					"DEBUG=1",
					"$(inherited)",
				);
				GCC_SYMBOLS_PRIVATE_EXTERN = NO;
				GCC_WARN_64_TO_32_BIT_CONVERSION = YES;
				GCC_WARN_ABOUT_RETURN_TYPE = YES_ERROR;
				GCC_WARN_UNDECLARED_SELECTOR = YES;
				GCC_WARN_UNINITIALIZED_AUTOS = YES_AGGRESSIVE;
				GCC_WARN_UNUSED_FUNCTION = YES;
				GCC_WARN_UNUSED_VARIABLE = YES;
				IPHONEOS_DEPLOYMENT_TARGET = 8.0;
				METAL_ENABLE_DEBUG_INFO = YES;
				ONLY_ACTIVE_ARCH = YES;
				SDKROOT = iphoneos;
				SWIFT_OPTIMIZATION_LEVEL = "-Onone";
				TARGETED_DEVICE_FAMILY = "1,2";
			};
			name = Debug;
		};
		4ED605C0194BD30200DA29D2 /* Release */ = {
			isa = XCBuildConfiguration;
			buildSettings = {
				ALWAYS_SEARCH_USER_PATHS = NO;
				CLANG_CXX_LANGUAGE_STANDARD = "gnu++0x";
				CLANG_CXX_LIBRARY = "libc++";
				CLANG_ENABLE_MODULES = YES;
				CLANG_ENABLE_OBJC_ARC = YES;
				CLANG_WARN_BOOL_CONVERSION = YES;
				CLANG_WARN_CONSTANT_CONVERSION = YES;
				CLANG_WARN_DIRECT_OBJC_ISA_USAGE = YES_ERROR;
				CLANG_WARN_EMPTY_BODY = YES;
				CLANG_WARN_ENUM_CONVERSION = YES;
				CLANG_WARN_INT_CONVERSION = YES;
				CLANG_WARN_OBJC_ROOT_CLASS = YES_ERROR;
				CLANG_WARN_UNREACHABLE_CODE = YES;
				CLANG_WARN__DUPLICATE_METHOD_MATCH = YES;
				"CODE_SIGN_IDENTITY[sdk=iphoneos*]" = "iPhone Developer";
				COPY_PHASE_STRIP = YES;
				ENABLE_NS_ASSERTIONS = NO;
				ENABLE_STRICT_OBJC_MSGSEND = YES;
				GCC_C_LANGUAGE_STANDARD = gnu99;
				GCC_WARN_64_TO_32_BIT_CONVERSION = YES;
				GCC_WARN_ABOUT_RETURN_TYPE = YES_ERROR;
				GCC_WARN_UNDECLARED_SELECTOR = YES;
				GCC_WARN_UNINITIALIZED_AUTOS = YES_AGGRESSIVE;
				GCC_WARN_UNUSED_FUNCTION = YES;
				GCC_WARN_UNUSED_VARIABLE = YES;
				IPHONEOS_DEPLOYMENT_TARGET = 8.0;
				METAL_ENABLE_DEBUG_INFO = NO;
				SDKROOT = iphoneos;
				TARGETED_DEVICE_FAMILY = "1,2";
				VALIDATE_PRODUCT = YES;
			};
			name = Release;
		};
		4ED605C2194BD30200DA29D2 /* Debug */ = {
			isa = XCBuildConfiguration;
			buildSettings = {
				ASSETCATALOG_COMPILER_APPICON_NAME = AppIcon;
				CODE_SIGN_IDENTITY = "iPhone Developer";
				INFOPLIST_FILE = KJTipCalculator/Info.plist;
				IPHONEOS_DEPLOYMENT_TARGET = 8.0;
				LD_RUNPATH_SEARCH_PATHS = "$(inherited) @executable_path/Frameworks";
				PRODUCT_BUNDLE_IDENTIFIER = "net.kristopherjohnson.$(PRODUCT_NAME:rfc1034identifier)";
				PRODUCT_NAME = "$(TARGET_NAME)";
			};
			name = Debug;
		};
		4ED605C3194BD30200DA29D2 /* Release */ = {
			isa = XCBuildConfiguration;
			buildSettings = {
				ASSETCATALOG_COMPILER_APPICON_NAME = AppIcon;
				CODE_SIGN_IDENTITY = "iPhone Developer";
				INFOPLIST_FILE = KJTipCalculator/Info.plist;
				IPHONEOS_DEPLOYMENT_TARGET = 8.0;
				LD_RUNPATH_SEARCH_PATHS = "$(inherited) @executable_path/Frameworks";
				PRODUCT_BUNDLE_IDENTIFIER = "net.kristopherjohnson.$(PRODUCT_NAME:rfc1034identifier)";
				PRODUCT_NAME = "$(TARGET_NAME)";
			};
			name = Release;
		};
		4ED605C5194BD30200DA29D2 /* Debug */ = {
			isa = XCBuildConfiguration;
			buildSettings = {
				BUNDLE_LOADER = "$(BUILT_PRODUCTS_DIR)/KJTipCalculator.app/KJTipCalculator";
				FRAMEWORK_SEARCH_PATHS = (
					"$(SDKROOT)/Developer/Library/Frameworks",
					"$(inherited)",
				);
				GCC_PREPROCESSOR_DEFINITIONS = (
					"DEBUG=1",
					"$(inherited)",
				);
				INFOPLIST_FILE = KJTipCalculatorTests/Info.plist;
				LD_RUNPATH_SEARCH_PATHS = "$(inherited) @executable_path/Frameworks @loader_path/Frameworks";
				METAL_ENABLE_DEBUG_INFO = YES;
				PRODUCT_BUNDLE_IDENTIFIER = "net.kristopherjohnson.${PRODUCT_NAME:rfc1034identifier}";
				PRODUCT_NAME = "$(TARGET_NAME)";
				TEST_HOST = "$(BUNDLE_LOADER)";
			};
			name = Debug;
		};
		4ED605C6194BD30200DA29D2 /* Release */ = {
			isa = XCBuildConfiguration;
			buildSettings = {
				BUNDLE_LOADER = "$(BUILT_PRODUCTS_DIR)/KJTipCalculator.app/KJTipCalculator";
				FRAMEWORK_SEARCH_PATHS = (
					"$(SDKROOT)/Developer/Library/Frameworks",
					"$(inherited)",
				);
				INFOPLIST_FILE = KJTipCalculatorTests/Info.plist;
				LD_RUNPATH_SEARCH_PATHS = "$(inherited) @executable_path/Frameworks @loader_path/Frameworks";
				METAL_ENABLE_DEBUG_INFO = NO;
				PRODUCT_BUNDLE_IDENTIFIER = "net.kristopherjohnson.${PRODUCT_NAME:rfc1034identifier}";
				PRODUCT_NAME = "$(TARGET_NAME)";
				TEST_HOST = "$(BUNDLE_LOADER)";
			};
			name = Release;
		};
		fea7ea443f0b0776ab60d989 /* Debug */ = {
			isa = XCBuildConfiguration;
			buildSettings = {
				ASSETCATALOG_COMPILER_APPICON_NAME = AppIcon;
				CODE_SIGN_IDENTITY = "iPhone Developer";
				FRAMEWORK_SEARCH_PATHS = (
					"$(inherited)",
					"\"$(SRCROOT)\"",
				);
				INFOPLIST_FILE = KJTipCalculator/Info.plist;
				IPHONEOS_DEPLOYMENT_TARGET = 8.0;
				LD_RUNPATH_SEARCH_PATHS = "$(inherited) @executable_path/Frameworks";
				OTHER_LDFLAGS = (
					"$(inherited)",
					"-force_load",
					"\"$(SRCROOT)/calabash.framework/calabash\"",
					"-lstdc++",
				);
				PRODUCT_BUNDLE_IDENTIFIER = "net.kristopherjohnson.$(PRODUCT_NAME:rfc1034identifier)";
				PRODUCT_NAME = "$(TARGET_NAME)";
			};
			name = Debug;
		};
/* End XCBuildConfiguration section */

/* Begin XCConfigurationList section */
		4E09F9AE1D28377200B29E74 /* Build configuration list for PBXNativeTarget "KJTipCalculator-Watch Extension Tests" */ = {
			isa = XCConfigurationList;
			buildConfigurations = (
				4E09F9AC1D28377200B29E74 /* Debug */,
				4E09F9AD1D28377200B29E74 /* Release */,
			);
			defaultConfigurationIsVisible = 0;
			defaultConfigurationName = Release;
		};
		4E4801751D1F54BE008E3B8A /* Build configuration list for PBXNativeTarget "KJTipCalculator-Watch Extension" */ = {
			isa = XCConfigurationList;
			buildConfigurations = (
				4E4801731D1F54BE008E3B8A /* Debug */,
				4E4801741D1F54BE008E3B8A /* Release */,
			);
			defaultConfigurationIsVisible = 0;
			defaultConfigurationName = Release;
		};
		4E4801771D1F54BE008E3B8A /* Build configuration list for PBXNativeTarget "KJTipCalculator-Watch" */ = {
			isa = XCConfigurationList;
			buildConfigurations = (
				4E4801711D1F54BE008E3B8A /* Debug */,
				4E4801721D1F54BE008E3B8A /* Release */,
			);
			defaultConfigurationIsVisible = 0;
			defaultConfigurationName = Release;
		};
		4E4FA32B1BD9CDE500CD9772 /* Build configuration list for PBXNativeTarget "KJTipCalculatorUITests" */ = {
			isa = XCConfigurationList;
			buildConfigurations = (
				4E4FA3291BD9CDE500CD9772 /* Debug */,
				4E4FA32A1BD9CDE500CD9772 /* Release */,
			);
			defaultConfigurationIsVisible = 0;
			defaultConfigurationName = Release;
		};
		4ED605A0194BD30200DA29D2 /* Build configuration list for PBXProject "KJTipCalculator" */ = {
			isa = XCConfigurationList;
			buildConfigurations = (
				4ED605BF194BD30200DA29D2 /* Debug */,
				4ED605C0194BD30200DA29D2 /* Release */,
			);
			defaultConfigurationIsVisible = 0;
			defaultConfigurationName = Release;
		};
		4ED605C1194BD30200DA29D2 /* Build configuration list for PBXNativeTarget "KJTipCalculator" */ = {
			isa = XCConfigurationList;
			buildConfigurations = (
				4ED605C2194BD30200DA29D2 /* Debug */,
				4ED605C3194BD30200DA29D2 /* Release */,
			);
			defaultConfigurationIsVisible = 0;
			defaultConfigurationName = Release;
		};
		4ED605C4194BD30200DA29D2 /* Build configuration list for PBXNativeTarget "KJTipCalculatorTests" */ = {
			isa = XCConfigurationList;
			buildConfigurations = (
				4ED605C5194BD30200DA29D2 /* Debug */,
				4ED605C6194BD30200DA29D2 /* Release */,
			);
			defaultConfigurationIsVisible = 0;
			defaultConfigurationName = Release;
		};
		81754e6096e46d68154a3ea7 /* Build configuration list for PBXNativeTarget "KJTipCalculator-cal" */ = {
			isa = XCConfigurationList;
			buildConfigurations = (
				fea7ea443f0b0776ab60d989 /* Debug */,
				4178f5ae5155bc58296a7bb6 /* Release */,
			);
			defaultConfigurationIsVisible = 0;
			defaultConfigurationName = Release;
		};
/* End XCConfigurationList section */
	};
	rootObject = 4ED6059D194BD30200DA29D2 /* Project object */;
}
