// !$*UTF8*$!
{
	archiveVersion = 1;
	classes = {
	};
	objectVersion = 46;
	objects = {

/* Begin PBXBuildFile section */
		4ECF9EC8194C957700173446 /* ViewController.swift in Sources */ = {isa = PBXBuildFile; fileRef = 4ED605AC194BD30200DA29D2 /* ViewController.swift */; };
		4ED605AB194BD30200DA29D2 /* AppDelegate.swift in Sources */ = {isa = PBXBuildFile; fileRef = 4ED605AA194BD30200DA29D2 /* AppDelegate.swift */; };
		4ED605AD194BD30200DA29D2 /* ViewController.swift in Sources */ = {isa = PBXBuildFile; fileRef = 4ED605AC194BD30200DA29D2 /* ViewController.swift */; };
		4ED605B0194BD30200DA29D2 /* Main.storyboard in Resources */ = {isa = PBXBuildFile; fileRef = 4ED605AE194BD30200DA29D2 /* Main.storyboard */; };
		4ED605B2194BD30200DA29D2 /* Images.xcassets in Resources */ = {isa = PBXBuildFile; fileRef = 4ED605B1194BD30200DA29D2 /* Images.xcassets */; };
		4EFD57FE1955C85E00CC9DCF /* KJNumericText.framework in Frameworks */ = {isa = PBXBuildFile; fileRef = 4EFD57FB1955C82F00CC9DCF /* KJNumericText.framework */; };
/* End PBXBuildFile section */

/* Begin PBXContainerItemProxy section */
		4ED605B8194BD30200DA29D2 /* PBXContainerItemProxy */ = {
			isa = PBXContainerItemProxy;
			containerPortal = 4ED6059D194BD30200DA29D2 /* Project object */;
			proxyType = 1;
			remoteGlobalIDString = 4ED605A4194BD30200DA29D2;
			remoteInfo = KJTipCalculator;
		};
		4EFD57FA1955C82F00CC9DCF /* PBXContainerItemProxy */ = {
			isa = PBXContainerItemProxy;
			containerPortal = 4EFD57F51955C82E00CC9DCF /* KJNumericText.xcodeproj */;
			proxyType = 2;
			remoteGlobalIDString = 4EFD57D91955C82E00CC9DCF;
			remoteInfo = KJNumericText;
		};
		4EFD57FC1955C82F00CC9DCF /* PBXContainerItemProxy */ = {
			isa = PBXContainerItemProxy;
			containerPortal = 4EFD57F51955C82E00CC9DCF /* KJNumericText.xcodeproj */;
			proxyType = 2;
			remoteGlobalIDString = 4EFD57E41955C82E00CC9DCF;
			remoteInfo = KJNumericTextTests;
		};
/* End PBXContainerItemProxy section */

/* Begin PBXFileReference section */
		4E9FE860194CADC70015E1DA /* README.md */ = {isa = PBXFileReference; lastKnownFileType = net.daringfireball.markdown; path = README.md; sourceTree = SOURCE_ROOT; };
		4E9FE861194CAE3D0015E1DA /* LICENSE */ = {isa = PBXFileReference; fileEncoding = 4; lastKnownFileType = text; path = LICENSE; sourceTree = SOURCE_ROOT; };
		4ED605A5194BD30200DA29D2 /* KJTipCalculator.app */ = {isa = PBXFileReference; explicitFileType = wrapper.application; includeInIndex = 0; path = KJTipCalculator.app; sourceTree = BUILT_PRODUCTS_DIR; };
		4ED605A9194BD30200DA29D2 /* Info.plist */ = {isa = PBXFileReference; lastKnownFileType = text.plist.xml; path = Info.plist; sourceTree = "<group>"; };
		4ED605AA194BD30200DA29D2 /* AppDelegate.swift */ = {isa = PBXFileReference; lastKnownFileType = sourcecode.swift; path = AppDelegate.swift; sourceTree = "<group>"; };
		4ED605AC194BD30200DA29D2 /* ViewController.swift */ = {isa = PBXFileReference; lastKnownFileType = sourcecode.swift; path = ViewController.swift; sourceTree = "<group>"; };
		4ED605AF194BD30200DA29D2 /* Base */ = {isa = PBXFileReference; lastKnownFileType = file.storyboard; name = Base; path = Base.lproj/Main.storyboard; sourceTree = "<group>"; };
		4ED605B1194BD30200DA29D2 /* Images.xcassets */ = {isa = PBXFileReference; lastKnownFileType = folder.assetcatalog; path = Images.xcassets; sourceTree = "<group>"; };
		4ED605B7194BD30200DA29D2 /* KJTipCalculatorTests.xctest */ = {isa = PBXFileReference; explicitFileType = wrapper.cfbundle; includeInIndex = 0; path = KJTipCalculatorTests.xctest; sourceTree = BUILT_PRODUCTS_DIR; };
		4ED605BC194BD30200DA29D2 /* Info.plist */ = {isa = PBXFileReference; lastKnownFileType = text.plist.xml; path = Info.plist; sourceTree = "<group>"; };
		4EFD57F51955C82E00CC9DCF /* KJNumericText.xcodeproj */ = {isa = PBXFileReference; lastKnownFileType = "wrapper.pb-project"; name = KJNumericText.xcodeproj; path = KJNumericText/KJNumericText.xcodeproj; sourceTree = "<group>"; };
/* End PBXFileReference section */

/* Begin PBXFrameworksBuildPhase section */
		4ED605A2194BD30200DA29D2 /* Frameworks */ = {
			isa = PBXFrameworksBuildPhase;
			buildActionMask = 2147483647;
			files = (
				4EFD57FE1955C85E00CC9DCF /* KJNumericText.framework in Frameworks */,
			);
			runOnlyForDeploymentPostprocessing = 0;
		};
		4ED605B4194BD30200DA29D2 /* Frameworks */ = {
			isa = PBXFrameworksBuildPhase;
			buildActionMask = 2147483647;
			files = (
			);
			runOnlyForDeploymentPostprocessing = 0;
		};
/* End PBXFrameworksBuildPhase section */

/* Begin PBXGroup section */
		4ED6059C194BD30200DA29D2 = {
			isa = PBXGroup;
			children = (
				4EFD57F51955C82E00CC9DCF /* KJNumericText.xcodeproj */,
				4ED605A7194BD30200DA29D2 /* KJTipCalculator */,
				4ED605BA194BD30200DA29D2 /* KJTipCalculatorTests */,
				4ED605A6194BD30200DA29D2 /* Products */,
			);
			sourceTree = "<group>";
		};
		4ED605A6194BD30200DA29D2 /* Products */ = {
			isa = PBXGroup;
			children = (
				4ED605A5194BD30200DA29D2 /* KJTipCalculator.app */,
				4ED605B7194BD30200DA29D2 /* KJTipCalculatorTests.xctest */,
			);
			name = Products;
			sourceTree = "<group>";
		};
		4ED605A7194BD30200DA29D2 /* KJTipCalculator */ = {
			isa = PBXGroup;
			children = (
				4ED605AA194BD30200DA29D2 /* AppDelegate.swift */,
				4E9FE860194CADC70015E1DA /* README.md */,
				4E9FE861194CAE3D0015E1DA /* LICENSE */,
				4ED605B1194BD30200DA29D2 /* Images.xcassets */,
				4ED605AE194BD30200DA29D2 /* Main.storyboard */,
				4ED605A8194BD30200DA29D2 /* Supporting Files */,
				4ED605AC194BD30200DA29D2 /* ViewController.swift */,
			);
			path = KJTipCalculator;
			sourceTree = "<group>";
		};
		4ED605A8194BD30200DA29D2 /* Supporting Files */ = {
			isa = PBXGroup;
			children = (
				4ED605A9194BD30200DA29D2 /* Info.plist */,
			);
			name = "Supporting Files";
			sourceTree = "<group>";
		};
		4ED605BA194BD30200DA29D2 /* KJTipCalculatorTests */ = {
			isa = PBXGroup;
			children = (
				4ED605BB194BD30200DA29D2 /* Supporting Files */,
			);
			path = KJTipCalculatorTests;
			sourceTree = "<group>";
		};
		4ED605BB194BD30200DA29D2 /* Supporting Files */ = {
			isa = PBXGroup;
			children = (
				4ED605BC194BD30200DA29D2 /* Info.plist */,
			);
			name = "Supporting Files";
			sourceTree = "<group>";
		};
		4EFD57F61955C82E00CC9DCF /* Products */ = {
			isa = PBXGroup;
			children = (
				4EFD57FB1955C82F00CC9DCF /* KJNumericText.framework */,
				4EFD57FD1955C82F00CC9DCF /* KJNumericTextTests.xctest */,
			);
			name = Products;
			sourceTree = "<group>";
		};
/* End PBXGroup section */

/* Begin PBXNativeTarget section */
		4ED605A4194BD30200DA29D2 /* KJTipCalculator */ = {
			isa = PBXNativeTarget;
			buildConfigurationList = 4ED605C1194BD30200DA29D2 /* Build configuration list for PBXNativeTarget "KJTipCalculator" */;
			buildPhases = (
				4ED605A1194BD30200DA29D2 /* Sources */,
				4ED605A2194BD30200DA29D2 /* Frameworks */,
				4ED605A3194BD30200DA29D2 /* Resources */,
			);
			buildRules = (
			);
			dependencies = (
			);
			name = KJTipCalculator;
			productName = KJTipCalculator;
			productReference = 4ED605A5194BD30200DA29D2 /* KJTipCalculator.app */;
			productType = "com.apple.product-type.application";
		};
		4ED605B6194BD30200DA29D2 /* KJTipCalculatorTests */ = {
			isa = PBXNativeTarget;
			buildConfigurationList = 4ED605C4194BD30200DA29D2 /* Build configuration list for PBXNativeTarget "KJTipCalculatorTests" */;
			buildPhases = (
				4ED605B3194BD30200DA29D2 /* Sources */,
				4ED605B4194BD30200DA29D2 /* Frameworks */,
				4ED605B5194BD30200DA29D2 /* Resources */,
			);
			buildRules = (
			);
			dependencies = (
				4ED605B9194BD30200DA29D2 /* PBXTargetDependency */,
			);
			name = KJTipCalculatorTests;
			productName = KJTipCalculatorTests;
			productReference = 4ED605B7194BD30200DA29D2 /* KJTipCalculatorTests.xctest */;
			productType = "com.apple.product-type.bundle.unit-test";
		};
/* End PBXNativeTarget section */

/* Begin PBXProject section */
		4ED6059D194BD30200DA29D2 /* Project object */ = {
			isa = PBXProject;
			attributes = {
				LastUpgradeCheck = 0600;
				ORGANIZATIONNAME = "Kristopher Johnson";
				TargetAttributes = {
					4ED605A4194BD30200DA29D2 = {
						CreatedOnToolsVersion = 6.0;
					};
					4ED605B6194BD30200DA29D2 = {
						CreatedOnToolsVersion = 6.0;
						TestTargetID = 4ED605A4194BD30200DA29D2;
					};
				};
			};
			buildConfigurationList = 4ED605A0194BD30200DA29D2 /* Build configuration list for PBXProject "KJTipCalculator" */;
			compatibilityVersion = "Xcode 3.2";
			developmentRegion = English;
			hasScannedForEncodings = 0;
			knownRegions = (
				en,
				Base,
			);
			mainGroup = 4ED6059C194BD30200DA29D2;
			productRefGroup = 4ED605A6194BD30200DA29D2 /* Products */;
			projectDirPath = "";
			projectReferences = (
				{
					ProductGroup = 4EFD57F61955C82E00CC9DCF /* Products */;
					ProjectRef = 4EFD57F51955C82E00CC9DCF /* KJNumericText.xcodeproj */;
				},
			);
			projectRoot = "";
			targets = (
				4ED605A4194BD30200DA29D2 /* KJTipCalculator */,
				4ED605B6194BD30200DA29D2 /* KJTipCalculatorTests */,
			);
		};
/* End PBXProject section */

/* Begin PBXReferenceProxy section */
		4EFD57FB1955C82F00CC9DCF /* KJNumericText.framework */ = {
			isa = PBXReferenceProxy;
			fileType = wrapper.framework;
			path = KJNumericText.framework;
			remoteRef = 4EFD57FA1955C82F00CC9DCF /* PBXContainerItemProxy */;
			sourceTree = BUILT_PRODUCTS_DIR;
		};
		4EFD57FD1955C82F00CC9DCF /* KJNumericTextTests.xctest */ = {
			isa = PBXReferenceProxy;
			fileType = wrapper.cfbundle;
			path = KJNumericTextTests.xctest;
			remoteRef = 4EFD57FC1955C82F00CC9DCF /* PBXContainerItemProxy */;
			sourceTree = BUILT_PRODUCTS_DIR;
		};
/* End PBXReferenceProxy section */

/* Begin PBXResourcesBuildPhase section */
		4ED605A3194BD30200DA29D2 /* Resources */ = {
			isa = PBXResourcesBuildPhase;
			buildActionMask = 2147483647;
			files = (
				4ED605B0194BD30200DA29D2 /* Main.storyboard in Resources */,
				4ED605B2194BD30200DA29D2 /* Images.xcassets in Resources */,
			);
			runOnlyForDeploymentPostprocessing = 0;
		};
		4ED605B5194BD30200DA29D2 /* Resources */ = {
			isa = PBXResourcesBuildPhase;
			buildActionMask = 2147483647;
			files = (
			);
			runOnlyForDeploymentPostprocessing = 0;
		};
/* End PBXResourcesBuildPhase section */

/* Begin PBXSourcesBuildPhase section */
		4ED605A1194BD30200DA29D2 /* Sources */ = {
			isa = PBXSourcesBuildPhase;
			buildActionMask = 2147483647;
			files = (
				4ED605AD194BD30200DA29D2 /* ViewController.swift in Sources */,
				4ED605AB194BD30200DA29D2 /* AppDelegate.swift in Sources */,
			);
			runOnlyForDeploymentPostprocessing = 0;
		};
		4ED605B3194BD30200DA29D2 /* Sources */ = {
			isa = PBXSourcesBuildPhase;
			buildActionMask = 2147483647;
			files = (
				4ECF9EC8194C957700173446 /* ViewController.swift in Sources */,
			);
			runOnlyForDeploymentPostprocessing = 0;
		};
/* End PBXSourcesBuildPhase section */

/* Begin PBXTargetDependency section */
		4ED605B9194BD30200DA29D2 /* PBXTargetDependency */ = {
			isa = PBXTargetDependency;
			target = 4ED605A4194BD30200DA29D2 /* KJTipCalculator */;
			targetProxy = 4ED605B8194BD30200DA29D2 /* PBXContainerItemProxy */;
		};
/* End PBXTargetDependency section */

/* Begin PBXVariantGroup section */
		4ED605AE194BD30200DA29D2 /* Main.storyboard */ = {
			isa = PBXVariantGroup;
			children = (
				4ED605AF194BD30200DA29D2 /* Base */,
			);
			name = Main.storyboard;
			sourceTree = "<group>";
		};
/* End PBXVariantGroup section */

/* Begin XCBuildConfiguration section */
		4ED605BF194BD30200DA29D2 /* Debug */ = {
			isa = XCBuildConfiguration;
			buildSettings = {
				ALWAYS_SEARCH_USER_PATHS = NO;
				CLANG_CXX_LANGUAGE_STANDARD = "gnu++0x";
				CLANG_CXX_LIBRARY = "libc++";
				CLANG_ENABLE_MODULES = YES;
				CLANG_ENABLE_OBJC_ARC = YES;
				CLANG_WARN_BOOL_CONVERSION = YES;
				CLANG_WARN_CONSTANT_CONVERSION = YES;
				CLANG_WARN_DIRECT_OBJC_ISA_USAGE = YES_ERROR;
				CLANG_WARN_EMPTY_BODY = YES;
				CLANG_WARN_ENUM_CONVERSION = YES;
				CLANG_WARN_INT_CONVERSION = YES;
				CLANG_WARN_OBJC_ROOT_CLASS = YES_ERROR;
				CLANG_WARN_UNREACHABLE_CODE = YES;
				CLANG_WARN__DUPLICATE_METHOD_MATCH = YES;
				"CODE_SIGN_IDENTITY[sdk=iphoneos*]" = "iPhone Developer";
				COPY_PHASE_STRIP = NO;
				ENABLE_STRICT_OBJC_MSGSEND = YES;
				GCC_C_LANGUAGE_STANDARD = gnu99;
				GCC_DYNAMIC_NO_PIC = NO;
				GCC_OPTIMIZATION_LEVEL = 0;
				GCC_PREPROCESSOR_DEFINITIONS = (
					"DEBUG=1",
					"$(inherited)",
				);
				GCC_SYMBOLS_PRIVATE_EXTERN = NO;
				GCC_WARN_64_TO_32_BIT_CONVERSION = YES;
				GCC_WARN_ABOUT_RETURN_TYPE = YES_ERROR;
				GCC_WARN_UNDECLARED_SELECTOR = YES;
				GCC_WARN_UNINITIALIZED_AUTOS = YES_AGGRESSIVE;
				GCC_WARN_UNUSED_FUNCTION = YES;
				GCC_WARN_UNUSED_VARIABLE = YES;
				IPHONEOS_DEPLOYMENT_TARGET = 8.0;
				METAL_ENABLE_DEBUG_INFO = YES;
				ONLY_ACTIVE_ARCH = YES;
				SDKROOT = iphoneos;
				SWIFT_OPTIMIZATION_LEVEL = "-Onone";
				TARGETED_DEVICE_FAMILY = "1,2";
			};
			name = Debug;
		};
		4ED605C0194BD30200DA29D2 /* Release */ = {
			isa = XCBuildConfiguration;
			buildSettings = {
				ALWAYS_SEARCH_USER_PATHS = NO;
				CLANG_CXX_LANGUAGE_STANDARD = "gnu++0x";
				CLANG_CXX_LIBRARY = "libc++";
				CLANG_ENABLE_MODULES = YES;
				CLANG_ENABLE_OBJC_ARC = YES;
				CLANG_WARN_BOOL_CONVERSION = YES;
				CLANG_WARN_CONSTANT_CONVERSION = YES;
				CLANG_WARN_DIRECT_OBJC_ISA_USAGE = YES_ERROR;
				CLANG_WARN_EMPTY_BODY = YES;
				CLANG_WARN_ENUM_CONVERSION = YES;
				CLANG_WARN_INT_CONVERSION = YES;
				CLANG_WARN_OBJC_ROOT_CLASS = YES_ERROR;
				CLANG_WARN_UNREACHABLE_CODE = YES;
				CLANG_WARN__DUPLICATE_METHOD_MATCH = YES;
				"CODE_SIGN_IDENTITY[sdk=iphoneos*]" = "iPhone Developer";
				COPY_PHASE_STRIP = YES;
				ENABLE_NS_ASSERTIONS = NO;
				ENABLE_STRICT_OBJC_MSGSEND = YES;
				GCC_C_LANGUAGE_STANDARD = gnu99;
				GCC_WARN_64_TO_32_BIT_CONVERSION = YES;
				GCC_WARN_ABOUT_RETURN_TYPE = YES_ERROR;
				GCC_WARN_UNDECLARED_SELECTOR = YES;
				GCC_WARN_UNINITIALIZED_AUTOS = YES_AGGRESSIVE;
				GCC_WARN_UNUSED_FUNCTION = YES;
				GCC_WARN_UNUSED_VARIABLE = YES;
				IPHONEOS_DEPLOYMENT_TARGET = 8.0;
				METAL_ENABLE_DEBUG_INFO = NO;
				SDKROOT = iphoneos;
				TARGETED_DEVICE_FAMILY = "1,2";
				VALIDATE_PRODUCT = YES;
			};
			name = Release;
		};
		4ED605C2194BD30200DA29D2 /* Debug */ = {
			isa = XCBuildConfiguration;
			buildSettings = {
				ASSETCATALOG_COMPILER_APPICON_NAME = AppIcon;
				ASSETCATALOG_COMPILER_LAUNCHIMAGE_NAME = LaunchImage;
				INFOPLIST_FILE = KJTipCalculator/Info.plist;
				LD_RUNPATH_SEARCH_PATHS = "$(inherited) @executable_path/Frameworks";
				PRODUCT_NAME = "$(TARGET_NAME)";
			};
			name = Debug;
		};
		4ED605C3194BD30200DA29D2 /* Release */ = {
			isa = XCBuildConfiguration;
			buildSettings = {
				ASSETCATALOG_COMPILER_APPICON_NAME = AppIcon;
				ASSETCATALOG_COMPILER_LAUNCHIMAGE_NAME = LaunchImage;
				INFOPLIST_FILE = KJTipCalculator/Info.plist;
				LD_RUNPATH_SEARCH_PATHS = "$(inherited) @executable_path/Frameworks";
				PRODUCT_NAME = "$(TARGET_NAME)";
			};
			name = Release;
		};
		4ED605C5194BD30200DA29D2 /* Debug */ = {
			isa = XCBuildConfiguration;
			buildSettings = {
				BUNDLE_LOADER = "$(BUILT_PRODUCTS_DIR)/KJTipCalculator.app/KJTipCalculator";
				FRAMEWORK_SEARCH_PATHS = (
					"$(SDKROOT)/Developer/Library/Frameworks",
					"$(inherited)",
				);
				GCC_PREPROCESSOR_DEFINITIONS = (
					"DEBUG=1",
					"$(inherited)",
				);
				INFOPLIST_FILE = KJTipCalculatorTests/Info.plist;
				LD_RUNPATH_SEARCH_PATHS = "$(inherited) @executable_path/Frameworks @loader_path/Frameworks";
				METAL_ENABLE_DEBUG_INFO = YES;
				PRODUCT_NAME = "$(TARGET_NAME)";
				TEST_HOST = "$(BUNDLE_LOADER)";
			};
			name = Debug;
		};
		4ED605C6194BD30200DA29D2 /* Release */ = {
			isa = XCBuildConfiguration;
			buildSettings = {
				BUNDLE_LOADER = "$(BUILT_PRODUCTS_DIR)/KJTipCalculator.app/KJTipCalculator";
				FRAMEWORK_SEARCH_PATHS = (
					"$(SDKROOT)/Developer/Library/Frameworks",
					"$(inherited)",
				);
				INFOPLIST_FILE = KJTipCalculatorTests/Info.plist;
				LD_RUNPATH_SEARCH_PATHS = "$(inherited) @executable_path/Frameworks @loader_path/Frameworks";
				METAL_ENABLE_DEBUG_INFO = NO;
				PRODUCT_NAME = "$(TARGET_NAME)";
				TEST_HOST = "$(BUNDLE_LOADER)";
			};
			name = Release;
		};
/* End XCBuildConfiguration section */

/* Begin XCConfigurationList section */
		4ED605A0194BD30200DA29D2 /* Build configuration list for PBXProject "KJTipCalculator" */ = {
			isa = XCConfigurationList;
			buildConfigurations = (
				4ED605BF194BD30200DA29D2 /* Debug */,
				4ED605C0194BD30200DA29D2 /* Release */,
			);
			defaultConfigurationIsVisible = 0;
			defaultConfigurationName = Release;
		};
		4ED605C1194BD30200DA29D2 /* Build configuration list for PBXNativeTarget "KJTipCalculator" */ = {
			isa = XCConfigurationList;
			buildConfigurations = (
				4ED605C2194BD30200DA29D2 /* Debug */,
				4ED605C3194BD30200DA29D2 /* Release */,
			);
			defaultConfigurationIsVisible = 0;
			defaultConfigurationName = Release;
		};
		4ED605C4194BD30200DA29D2 /* Build configuration list for PBXNativeTarget "KJTipCalculatorTests" */ = {
			isa = XCConfigurationList;
			buildConfigurations = (
				4ED605C5194BD30200DA29D2 /* Debug */,
				4ED605C6194BD30200DA29D2 /* Release */,
			);
			defaultConfigurationIsVisible = 0;
			defaultConfigurationName = Release;
		};
/* End XCConfigurationList section */
	};
	rootObject = 4ED6059D194BD30200DA29D2 /* Project object */;
}
